// !$*UTF8*$!
{
	archiveVersion = 1;
	classes = {
	};
	objectVersion = 46;
	objects = {

/* Begin PBXBuildFile section */
		B4A6DC071B447BA00309F1C3 /* libPods-ZRObjcKit.a in Frameworks */ = {isa = PBXBuildFile; fileRef = D7C37DBD3A7EA49FC39670AF /* libPods-ZRObjcKit.a */; };
		DE0569A3201483B700F10E38 /* ZRStepStatisticViewController.m in Sources */ = {isa = PBXBuildFile; fileRef = DE0569A2201483B700F10E38 /* ZRStepStatisticViewController.m */; };
		DE0569A9201589EF00F10E38 /* ZRCustomCalendarDayCell.m in Sources */ = {isa = PBXBuildFile; fileRef = DE0569A6201589EF00F10E38 /* ZRCustomCalendarDayCell.m */; };
		DE0569AA201589EF00F10E38 /* ZRCustomCalendarView.m in Sources */ = {isa = PBXBuildFile; fileRef = DE0569A8201589EF00F10E38 /* ZRCustomCalendarView.m */; };
		DE0569B220158BA500F10E38 /* NSCalendarHelper.m in Sources */ = {isa = PBXBuildFile; fileRef = DE0569AD20158BA500F10E38 /* NSCalendarHelper.m */; };
		DE0569B320158BA500F10E38 /* NSDate+MDExtension.m in Sources */ = {isa = PBXBuildFile; fileRef = DE0569AF20158BA500F10E38 /* NSDate+MDExtension.m */; };
		DE0569B420158BA500F10E38 /* NSDateHelper.m in Sources */ = {isa = PBXBuildFile; fileRef = DE0569B120158BA500F10E38 /* NSDateHelper.m */; };
		DE0569B82015902400F10E38 /* ZRCustomCalendarViewController.m in Sources */ = {isa = PBXBuildFile; fileRef = DE0569B72015902400F10E38 /* ZRCustomCalendarViewController.m */; };
		DE1A4B291FE0158A00471AAF /* ZRFileInfoModel.m in Sources */ = {isa = PBXBuildFile; fileRef = DE1A4B1E1FE0158A00471AAF /* ZRFileInfoModel.m */; };
		DE1A4B2A1FE0158A00471AAF /* ZRFileTableViewCell.m in Sources */ = {isa = PBXBuildFile; fileRef = DE1A4B211FE0158A00471AAF /* ZRFileTableViewCell.m */; };
		DE1A4B2B1FE0158A00471AAF /* ZRFileListViewController.m in Sources */ = {isa = PBXBuildFile; fileRef = DE1A4B241FE0158A00471AAF /* ZRFileListViewController.m */; };
		DE1A4B2C1FE0158A00471AAF /* ZRFileStoryboard.storyboard in Resources */ = {isa = PBXBuildFile; fileRef = DE1A4B251FE0158A00471AAF /* ZRFileStoryboard.storyboard */; };
		DE1A4B2D1FE0158A00471AAF /* ZRFileHelper.m in Sources */ = {isa = PBXBuildFile; fileRef = DE1A4B281FE0158A00471AAF /* ZRFileHelper.m */; };
		DE1A4B4A1FE0164100471AAF /* FMDatabaseQueue+ZRSharedDBQueue.m in Sources */ = {isa = PBXBuildFile; fileRef = DE1A4B321FE0164100471AAF /* FMDatabaseQueue+ZRSharedDBQueue.m */; };
		DE1A4B4B1FE0164100471AAF /* ZRTrackingHelper.m in Sources */ = {isa = PBXBuildFile; fileRef = DE1A4B351FE0164100471AAF /* ZRTrackingHelper.m */; };
		DE1A4B4C1FE0164100471AAF /* UIApplication+ZRTracking.m in Sources */ = {isa = PBXBuildFile; fileRef = DE1A4B381FE0164100471AAF /* UIApplication+ZRTracking.m */; };
		DE1A4B4D1FE0164100471AAF /* UICollectionView+ZRTracking.m in Sources */ = {isa = PBXBuildFile; fileRef = DE1A4B3A1FE0164100471AAF /* UICollectionView+ZRTracking.m */; };
		DE1A4B4E1FE0164100471AAF /* UIControl+ZRTracking.m in Sources */ = {isa = PBXBuildFile; fileRef = DE1A4B3C1FE0164100471AAF /* UIControl+ZRTracking.m */; };
		DE1A4B4F1FE0164100471AAF /* UINavigationController+ZRTracking.m in Sources */ = {isa = PBXBuildFile; fileRef = DE1A4B3E1FE0164100471AAF /* UINavigationController+ZRTracking.m */; };
		DE1A4B501FE0164100471AAF /* UITableView+ZRDelegateTracking.m in Sources */ = {isa = PBXBuildFile; fileRef = DE1A4B401FE0164100471AAF /* UITableView+ZRDelegateTracking.m */; };
		DE1A4B511FE0164100471AAF /* UIViewController+ZRTracking.m in Sources */ = {isa = PBXBuildFile; fileRef = DE1A4B421FE0164100471AAF /* UIViewController+ZRTracking.m */; };
		DE1A4B521FE0164100471AAF /* UIWindow+ZRTracking.m in Sources */ = {isa = PBXBuildFile; fileRef = DE1A4B441FE0164100471AAF /* UIWindow+ZRTracking.m */; };
		DE1A4B531FE0164100471AAF /* UNUserNotificationCenter+ZRTracking.m in Sources */ = {isa = PBXBuildFile; fileRef = DE1A4B461FE0164100471AAF /* UNUserNotificationCenter+ZRTracking.m */; };
		DE1A4B541FE0164100471AAF /* ZRTrackingManager.m in Sources */ = {isa = PBXBuildFile; fileRef = DE1A4B491FE0164100471AAF /* ZRTrackingManager.m */; };
		DE1A4B571FE019CA00471AAF /* AppDelegate.mm in Sources */ = {isa = PBXBuildFile; fileRef = DE1A4B561FE019CA00471AAF /* AppDelegate.mm */; };
		DE1A4B591FE0BAD300471AAF /* TODO.md in Sources */ = {isa = PBXBuildFile; fileRef = DE1A4B581FE0BAD300471AAF /* TODO.md */; };
		DE1A4B5B1FE0C4EA00471AAF /* UserNotifications.framework in Frameworks */ = {isa = PBXBuildFile; fileRef = DE1A4B5A1FE0C4EA00471AAF /* UserNotifications.framework */; };
		DE57CCBE201F0B9D00AA1197 /* ZRImageRoundCornerViewController.m in Sources */ = {isa = PBXBuildFile; fileRef = DE57CCBD201F0B9C00AA1197 /* ZRImageRoundCornerViewController.m */; };
		DE57CCC1201F135A00AA1197 /* UIImage+ZRRoundCorner.m in Sources */ = {isa = PBXBuildFile; fileRef = DE57CCC0201F135A00AA1197 /* UIImage+ZRRoundCorner.m */; };
		DE75DE45201479EE00CD28C5 /* ZRStepStatisticView.m in Sources */ = {isa = PBXBuildFile; fileRef = DE75DE44201479EE00CD28C5 /* ZRStepStatisticView.m */; };
		DE7894791FF0A40A0060AE7A /* NSObject+ZRDebug.m in Sources */ = {isa = PBXBuildFile; fileRef = DE7894781FF0A40A0060AE7A /* NSObject+ZRDebug.m */; };
		DE78947F1FF0A5420060AE7A /* NSObject+ZRDeallocObserve.m in Sources */ = {isa = PBXBuildFile; fileRef = DE78947E1FF0A5420060AE7A /* NSObject+ZRDeallocObserve.m */; };
		DE7894861FF38C8C0060AE7A /* ZRWorker.m in Sources */ = {isa = PBXBuildFile; fileRef = DE7894851FF38C8C0060AE7A /* ZRWorker.m */; };
		DEAB5C6C2024034000B0102B /* YXTabView.m in Sources */ = {isa = PBXBuildFile; fileRef = DEAB5C5B2024034000B0102B /* YXTabView.m */; };
		DEAB5C6D2024034000B0102B /* YXIgnoreHeaderTouchTableView.m in Sources */ = {isa = PBXBuildFile; fileRef = DEAB5C5C2024034000B0102B /* YXIgnoreHeaderTouchTableView.m */; };
		DEAB5C6E2024034000B0102B /* YXTabTitleView.m in Sources */ = {isa = PBXBuildFile; fileRef = DEAB5C612024034000B0102B /* YXTabTitleView.m */; };
		DEAB5C6F2024034000B0102B /* ItemDetailView.m in Sources */ = {isa = PBXBuildFile; fileRef = DEAB5C622024034000B0102B /* ItemDetailView.m */; };
		DEAB5C702024034000B0102B /* YXTabItemBaseView.m in Sources */ = {isa = PBXBuildFile; fileRef = DEAB5C632024034000B0102B /* YXTabItemBaseView.m */; };
		DEAB5C712024034000B0102B /* PicAndTextIntroduceView.m in Sources */ = {isa = PBXBuildFile; fileRef = DEAB5C662024034000B0102B /* PicAndTextIntroduceView.m */; };
		DEAB5C722024034000B0102B /* YXIgnoreHeaderTouchAndRecognizeSimultaneousTableView.m in Sources */ = {isa = PBXBuildFile; fileRef = DEAB5C672024034000B0102B /* YXIgnoreHeaderTouchAndRecognizeSimultaneousTableView.m */; };
		DEAB5C732024034000B0102B /* CommentView.m in Sources */ = {isa = PBXBuildFile; fileRef = DEAB5C682024034000B0102B /* CommentView.m */; };
		DEAB5C762024038400B0102B /* YXSuspendTabViewController.m in Sources */ = {isa = PBXBuildFile; fileRef = DEAB5C752024038400B0102B /* YXSuspendTabViewController.m */; };
		DEAB5C7B2024536900B0102B /* YXTabViewStyle.m in Sources */ = {isa = PBXBuildFile; fileRef = DEAB5C7A2024536800B0102B /* YXTabViewStyle.m */; };
		DEBE6F5B1FEE079600CD0854 /* ZRPerson.m in Sources */ = {isa = PBXBuildFile; fileRef = DEBE6F5A1FEE079600CD0854 /* ZRPerson.m */; };
		DEC167D01FDD23AF00B1575F /* main.m in Sources */ = {isa = PBXBuildFile; fileRef = DEC167CF1FDD23AF00B1575F /* main.m */; };
		DEC167D61FDD23AF00B1575F /* MainViewController.m in Sources */ = {isa = PBXBuildFile; fileRef = DEC167D51FDD23AF00B1575F /* MainViewController.m */; };
		DEC167D91FDD23AF00B1575F /* Main.storyboard in Resources */ = {isa = PBXBuildFile; fileRef = DEC167D71FDD23AF00B1575F /* Main.storyboard */; };
		DEC167DB1FDD23AF00B1575F /* Assets.xcassets in Resources */ = {isa = PBXBuildFile; fileRef = DEC167DA1FDD23AF00B1575F /* Assets.xcassets */; };
		DEC167DE1FDD23AF00B1575F /* LaunchScreen.storyboard in Resources */ = {isa = PBXBuildFile; fileRef = DEC167DC1FDD23AF00B1575F /* LaunchScreen.storyboard */; };
		DEC168281FDD292D00B1575F /* OpenUDID.m in Sources */ = {isa = PBXBuildFile; fileRef = DEC168201FDD292D00B1575F /* OpenUDID.m */; settings = {COMPILER_FLAGS = "-fno-objc-arc"; }; };
		DEC168581FDEA91C00B1575F /* Images.xcassets in Resources */ = {isa = PBXBuildFile; fileRef = DEC168571FDEA91C00B1575F /* Images.xcassets */; };
		DED5C24C1FE26EA30022BA5B /* ZRTextViewAutoSizeViewController.m in Sources */ = {isa = PBXBuildFile; fileRef = DED5C24B1FE26EA30022BA5B /* ZRTextViewAutoSizeViewController.m */; };
		DED5C24F1FE2B7500022BA5B /* ZRTextViewAutoSizeExViewController.m in Sources */ = {isa = PBXBuildFile; fileRef = DED5C24E1FE2B7500022BA5B /* ZRTextViewAutoSizeExViewController.m */; };
		DED5C2651FE506160022BA5B /* ZRGridViewController.m in Sources */ = {isa = PBXBuildFile; fileRef = DED5C2641FE506160022BA5B /* ZRGridViewController.m */; };
		DED5C26A1FE5113F0022BA5B /* ZRPickerView.m in Sources */ = {isa = PBXBuildFile; fileRef = DED5C2691FE5113F0022BA5B /* ZRPickerView.m */; };
		DED5C2741FE517C90022BA5B /* ZRGridView.m in Sources */ = {isa = PBXBuildFile; fileRef = DED5C26D1FE517C90022BA5B /* ZRGridView.m */; };
		DED5C2751FE517C90022BA5B /* ZRGridViewCell.m in Sources */ = {isa = PBXBuildFile; fileRef = DED5C26F1FE517C90022BA5B /* ZRGridViewCell.m */; };
		DED5C2761FE517C90022BA5B /* ZRGridViewHeader.m in Sources */ = {isa = PBXBuildFile; fileRef = DED5C2711FE517C90022BA5B /* ZRGridViewHeader.m */; };
		DED5C2771FE517C90022BA5B /* ZRGridViewLayoutAndStyle.m in Sources */ = {isa = PBXBuildFile; fileRef = DED5C2731FE517C90022BA5B /* ZRGridViewLayoutAndStyle.m */; };
		DED5C27E1FE51CFF0022BA5B /* MDTabBar.m in Sources */ = {isa = PBXBuildFile; fileRef = DED5C27B1FE51CFF0022BA5B /* MDTabBar.m */; };
		DED5C27F1FE51CFF0022BA5B /* MDTabBarViewController.m in Sources */ = {isa = PBXBuildFile; fileRef = DED5C27D1FE51CFF0022BA5B /* MDTabBarViewController.m */; };
		DED5C2831FE521B40022BA5B /* ZRTabBarViewController.m in Sources */ = {isa = PBXBuildFile; fileRef = DED5C2821FE521B40022BA5B /* ZRTabBarViewController.m */; };
		DED7CF222009F656006B8B34 /* ZRKeyValueTableViewCell.m in Sources */ = {isa = PBXBuildFile; fileRef = DED7CF212009F656006B8B34 /* ZRKeyValueTableViewCell.m */; };
		DED7CF262009FD0F006B8B34 /* ZRMultiOperationView.m in Sources */ = {isa = PBXBuildFile; fileRef = DED7CF252009FD0F006B8B34 /* ZRMultiOperationView.m */; };
		DEE25BE220400AE7004F4EF3 /* ZRSort.m in Sources */ = {isa = PBXBuildFile; fileRef = DEE25BE120400AE7004F4EF3 /* ZRSort.m */; };
		DEF69DFF20207478002A5FBF /* ZRRoundImageTableViewCell.m in Sources */ = {isa = PBXBuildFile; fileRef = DEF69DFE20207478002A5FBF /* ZRRoundImageTableViewCell.m */; };
		DEF69E022021920B002A5FBF /* UIImageView+ZRRoundCorner.m in Sources */ = {isa = PBXBuildFile; fileRef = DEF69E012021920B002A5FBF /* UIImageView+ZRRoundCorner.m */; };
		DEF69E06202195FB002A5FBF /* ZRRoundImageViewCornerViewController.m in Sources */ = {isa = PBXBuildFile; fileRef = DEF69E05202195FB002A5FBF /* ZRRoundImageViewCornerViewController.m */; };
		DEF69E0C202309DB002A5FBF /* ZRUIWebViewContentHeightCalculateController.m in Sources */ = {isa = PBXBuildFile; fileRef = DEF69E08202309DB002A5FBF /* ZRUIWebViewContentHeightCalculateController.m */; };
		DEF69E0F20230AAF002A5FBF /* WebKit.framework in Frameworks */ = {isa = PBXBuildFile; fileRef = DEF69E0E20230AAF002A5FBF /* WebKit.framework */; };
		DEF69E1220230C60002A5FBF /* ZRWKWebViewContentHeightCalculateController.m in Sources */ = {isa = PBXBuildFile; fileRef = DEF69E1020230C5F002A5FBF /* ZRWKWebViewContentHeightCalculateController.m */; };
		DEF69E1520230D36002A5FBF /* ZRWebViewContentHeightCalculateController.m in Sources */ = {isa = PBXBuildFile; fileRef = DEF69E1420230D36002A5FBF /* ZRWebViewContentHeightCalculateController.m */; };
		DEF69E2320231EFB002A5FBF /* invoice.pdf in Resources */ = {isa = PBXBuildFile; fileRef = DEF69E2220231EFB002A5FBF /* invoice.pdf */; };
/* End PBXBuildFile section */

/* Begin PBXFileReference section */
		2A596C0C0B3952EBA6502B26 /* Pods-ZRTrackingManager.debug.xcconfig */ = {isa = PBXFileReference; includeInIndex = 1; lastKnownFileType = text.xcconfig; name = "Pods-ZRTrackingManager.debug.xcconfig"; path = "Pods/Target Support Files/Pods-ZRTrackingManager/Pods-ZRTrackingManager.debug.xcconfig"; sourceTree = "<group>"; };
		63ED8B3156D70638E3D2BC4A /* libPods-ZRTrackingManager.a */ = {isa = PBXFileReference; explicitFileType = archive.ar; includeInIndex = 0; path = "libPods-ZRTrackingManager.a"; sourceTree = BUILT_PRODUCTS_DIR; };
		8F7EDB6B9678A0A0B7044F9D /* Pods-ZRObjcKit.release.xcconfig */ = {isa = PBXFileReference; includeInIndex = 1; lastKnownFileType = text.xcconfig; name = "Pods-ZRObjcKit.release.xcconfig"; path = "Pods/Target Support Files/Pods-ZRObjcKit/Pods-ZRObjcKit.release.xcconfig"; sourceTree = "<group>"; };
		CB3EFB29EF70196A90659FC8 /* Pods-ZRObjcKit.debug.xcconfig */ = {isa = PBXFileReference; includeInIndex = 1; lastKnownFileType = text.xcconfig; name = "Pods-ZRObjcKit.debug.xcconfig"; path = "Pods/Target Support Files/Pods-ZRObjcKit/Pods-ZRObjcKit.debug.xcconfig"; sourceTree = "<group>"; };
		D7C37DBD3A7EA49FC39670AF /* libPods-ZRObjcKit.a */ = {isa = PBXFileReference; explicitFileType = archive.ar; includeInIndex = 0; path = "libPods-ZRObjcKit.a"; sourceTree = BUILT_PRODUCTS_DIR; };
		DE0569A1201483B700F10E38 /* ZRStepStatisticViewController.h */ = {isa = PBXFileReference; fileEncoding = 4; lastKnownFileType = sourcecode.c.h; path = ZRStepStatisticViewController.h; sourceTree = "<group>"; };
		DE0569A2201483B700F10E38 /* ZRStepStatisticViewController.m */ = {isa = PBXFileReference; fileEncoding = 4; lastKnownFileType = sourcecode.c.objc; path = ZRStepStatisticViewController.m; sourceTree = "<group>"; };
		DE0569A5201589EF00F10E38 /* ZRCustomCalendarDayCell.h */ = {isa = PBXFileReference; fileEncoding = 4; lastKnownFileType = sourcecode.c.h; path = ZRCustomCalendarDayCell.h; sourceTree = "<group>"; };
		DE0569A6201589EF00F10E38 /* ZRCustomCalendarDayCell.m */ = {isa = PBXFileReference; fileEncoding = 4; lastKnownFileType = sourcecode.c.objc; path = ZRCustomCalendarDayCell.m; sourceTree = "<group>"; };
		DE0569A7201589EF00F10E38 /* ZRCustomCalendarView.h */ = {isa = PBXFileReference; fileEncoding = 4; lastKnownFileType = sourcecode.c.h; path = ZRCustomCalendarView.h; sourceTree = "<group>"; };
		DE0569A8201589EF00F10E38 /* ZRCustomCalendarView.m */ = {isa = PBXFileReference; fileEncoding = 4; lastKnownFileType = sourcecode.c.objc; path = ZRCustomCalendarView.m; sourceTree = "<group>"; };
		DE0569AC20158BA500F10E38 /* NSCalendarHelper.h */ = {isa = PBXFileReference; fileEncoding = 4; lastKnownFileType = sourcecode.c.h; path = NSCalendarHelper.h; sourceTree = "<group>"; };
		DE0569AD20158BA500F10E38 /* NSCalendarHelper.m */ = {isa = PBXFileReference; fileEncoding = 4; lastKnownFileType = sourcecode.c.objc; path = NSCalendarHelper.m; sourceTree = "<group>"; };
		DE0569AE20158BA500F10E38 /* NSDate+MDExtension.h */ = {isa = PBXFileReference; fileEncoding = 4; lastKnownFileType = sourcecode.c.h; path = "NSDate+MDExtension.h"; sourceTree = "<group>"; };
		DE0569AF20158BA500F10E38 /* NSDate+MDExtension.m */ = {isa = PBXFileReference; fileEncoding = 4; lastKnownFileType = sourcecode.c.objc; path = "NSDate+MDExtension.m"; sourceTree = "<group>"; };
		DE0569B020158BA500F10E38 /* NSDateHelper.h */ = {isa = PBXFileReference; fileEncoding = 4; lastKnownFileType = sourcecode.c.h; path = NSDateHelper.h; sourceTree = "<group>"; };
		DE0569B120158BA500F10E38 /* NSDateHelper.m */ = {isa = PBXFileReference; fileEncoding = 4; lastKnownFileType = sourcecode.c.objc; path = NSDateHelper.m; sourceTree = "<group>"; };
		DE0569B62015902400F10E38 /* ZRCustomCalendarViewController.h */ = {isa = PBXFileReference; fileEncoding = 4; lastKnownFileType = sourcecode.c.h; path = ZRCustomCalendarViewController.h; sourceTree = "<group>"; };
		DE0569B72015902400F10E38 /* ZRCustomCalendarViewController.m */ = {isa = PBXFileReference; fileEncoding = 4; lastKnownFileType = sourcecode.c.objc; path = ZRCustomCalendarViewController.m; sourceTree = "<group>"; };
		DE1A4B1D1FE0158A00471AAF /* ZRFileInfoModel.h */ = {isa = PBXFileReference; fileEncoding = 4; lastKnownFileType = sourcecode.c.h; path = ZRFileInfoModel.h; sourceTree = "<group>"; };
		DE1A4B1E1FE0158A00471AAF /* ZRFileInfoModel.m */ = {isa = PBXFileReference; fileEncoding = 4; lastKnownFileType = sourcecode.c.objc; path = ZRFileInfoModel.m; sourceTree = "<group>"; };
		DE1A4B201FE0158A00471AAF /* ZRFileTableViewCell.h */ = {isa = PBXFileReference; fileEncoding = 4; lastKnownFileType = sourcecode.c.h; path = ZRFileTableViewCell.h; sourceTree = "<group>"; };
		DE1A4B211FE0158A00471AAF /* ZRFileTableViewCell.m */ = {isa = PBXFileReference; fileEncoding = 4; lastKnownFileType = sourcecode.c.objc; path = ZRFileTableViewCell.m; sourceTree = "<group>"; };
		DE1A4B231FE0158A00471AAF /* ZRFileListViewController.h */ = {isa = PBXFileReference; fileEncoding = 4; lastKnownFileType = sourcecode.c.h; path = ZRFileListViewController.h; sourceTree = "<group>"; };
		DE1A4B241FE0158A00471AAF /* ZRFileListViewController.m */ = {isa = PBXFileReference; fileEncoding = 4; lastKnownFileType = sourcecode.c.objc; path = ZRFileListViewController.m; sourceTree = "<group>"; };
		DE1A4B251FE0158A00471AAF /* ZRFileStoryboard.storyboard */ = {isa = PBXFileReference; fileEncoding = 4; lastKnownFileType = file.storyboard; path = ZRFileStoryboard.storyboard; sourceTree = "<group>"; };
		DE1A4B271FE0158A00471AAF /* ZRFileHelper.h */ = {isa = PBXFileReference; fileEncoding = 4; lastKnownFileType = sourcecode.c.h; path = ZRFileHelper.h; sourceTree = "<group>"; };
		DE1A4B281FE0158A00471AAF /* ZRFileHelper.m */ = {isa = PBXFileReference; fileEncoding = 4; lastKnownFileType = sourcecode.c.objc; path = ZRFileHelper.m; sourceTree = "<group>"; };
		DE1A4B2F1FE0164100471AAF /* ZRTracking.h */ = {isa = PBXFileReference; fileEncoding = 4; lastKnownFileType = sourcecode.c.h; path = ZRTracking.h; sourceTree = "<group>"; };
		DE1A4B311FE0164100471AAF /* FMDatabaseQueue+ZRSharedDBQueue.h */ = {isa = PBXFileReference; fileEncoding = 4; lastKnownFileType = sourcecode.c.h; path = "FMDatabaseQueue+ZRSharedDBQueue.h"; sourceTree = "<group>"; };
		DE1A4B321FE0164100471AAF /* FMDatabaseQueue+ZRSharedDBQueue.m */ = {isa = PBXFileReference; fileEncoding = 4; lastKnownFileType = sourcecode.c.objc; path = "FMDatabaseQueue+ZRSharedDBQueue.m"; sourceTree = "<group>"; };
		DE1A4B341FE0164100471AAF /* ZRTrackingHelper.h */ = {isa = PBXFileReference; fileEncoding = 4; lastKnownFileType = sourcecode.c.h; path = ZRTrackingHelper.h; sourceTree = "<group>"; };
		DE1A4B351FE0164100471AAF /* ZRTrackingHelper.m */ = {isa = PBXFileReference; fileEncoding = 4; lastKnownFileType = sourcecode.c.objc; path = ZRTrackingHelper.m; sourceTree = "<group>"; };
		DE1A4B371FE0164100471AAF /* UIApplication+ZRTracking.h */ = {isa = PBXFileReference; fileEncoding = 4; lastKnownFileType = sourcecode.c.h; path = "UIApplication+ZRTracking.h"; sourceTree = "<group>"; };
		DE1A4B381FE0164100471AAF /* UIApplication+ZRTracking.m */ = {isa = PBXFileReference; fileEncoding = 4; lastKnownFileType = sourcecode.c.objc; path = "UIApplication+ZRTracking.m"; sourceTree = "<group>"; };
		DE1A4B391FE0164100471AAF /* UICollectionView+ZRTracking.h */ = {isa = PBXFileReference; fileEncoding = 4; lastKnownFileType = sourcecode.c.h; path = "UICollectionView+ZRTracking.h"; sourceTree = "<group>"; };
		DE1A4B3A1FE0164100471AAF /* UICollectionView+ZRTracking.m */ = {isa = PBXFileReference; fileEncoding = 4; lastKnownFileType = sourcecode.c.objc; path = "UICollectionView+ZRTracking.m"; sourceTree = "<group>"; };
		DE1A4B3B1FE0164100471AAF /* UIControl+ZRTracking.h */ = {isa = PBXFileReference; fileEncoding = 4; lastKnownFileType = sourcecode.c.h; path = "UIControl+ZRTracking.h"; sourceTree = "<group>"; };
		DE1A4B3C1FE0164100471AAF /* UIControl+ZRTracking.m */ = {isa = PBXFileReference; fileEncoding = 4; lastKnownFileType = sourcecode.c.objc; path = "UIControl+ZRTracking.m"; sourceTree = "<group>"; };
		DE1A4B3D1FE0164100471AAF /* UINavigationController+ZRTracking.h */ = {isa = PBXFileReference; fileEncoding = 4; lastKnownFileType = sourcecode.c.h; path = "UINavigationController+ZRTracking.h"; sourceTree = "<group>"; };
		DE1A4B3E1FE0164100471AAF /* UINavigationController+ZRTracking.m */ = {isa = PBXFileReference; fileEncoding = 4; lastKnownFileType = sourcecode.c.objc; path = "UINavigationController+ZRTracking.m"; sourceTree = "<group>"; };
		DE1A4B3F1FE0164100471AAF /* UITableView+ZRDelegateTracking.h */ = {isa = PBXFileReference; fileEncoding = 4; lastKnownFileType = sourcecode.c.h; path = "UITableView+ZRDelegateTracking.h"; sourceTree = "<group>"; };
		DE1A4B401FE0164100471AAF /* UITableView+ZRDelegateTracking.m */ = {isa = PBXFileReference; fileEncoding = 4; lastKnownFileType = sourcecode.c.objc; path = "UITableView+ZRDelegateTracking.m"; sourceTree = "<group>"; };
		DE1A4B411FE0164100471AAF /* UIViewController+ZRTracking.h */ = {isa = PBXFileReference; fileEncoding = 4; lastKnownFileType = sourcecode.c.h; path = "UIViewController+ZRTracking.h"; sourceTree = "<group>"; };
		DE1A4B421FE0164100471AAF /* UIViewController+ZRTracking.m */ = {isa = PBXFileReference; fileEncoding = 4; lastKnownFileType = sourcecode.c.objc; path = "UIViewController+ZRTracking.m"; sourceTree = "<group>"; };
		DE1A4B431FE0164100471AAF /* UIWindow+ZRTracking.h */ = {isa = PBXFileReference; fileEncoding = 4; lastKnownFileType = sourcecode.c.h; path = "UIWindow+ZRTracking.h"; sourceTree = "<group>"; };
		DE1A4B441FE0164100471AAF /* UIWindow+ZRTracking.m */ = {isa = PBXFileReference; fileEncoding = 4; lastKnownFileType = sourcecode.c.objc; path = "UIWindow+ZRTracking.m"; sourceTree = "<group>"; };
		DE1A4B451FE0164100471AAF /* UNUserNotificationCenter+ZRTracking.h */ = {isa = PBXFileReference; fileEncoding = 4; lastKnownFileType = sourcecode.c.h; path = "UNUserNotificationCenter+ZRTracking.h"; sourceTree = "<group>"; };
		DE1A4B461FE0164100471AAF /* UNUserNotificationCenter+ZRTracking.m */ = {isa = PBXFileReference; fileEncoding = 4; lastKnownFileType = sourcecode.c.objc; path = "UNUserNotificationCenter+ZRTracking.m"; sourceTree = "<group>"; };
		DE1A4B481FE0164100471AAF /* ZRTrackingManager.h */ = {isa = PBXFileReference; fileEncoding = 4; lastKnownFileType = sourcecode.c.h; path = ZRTrackingManager.h; sourceTree = "<group>"; };
		DE1A4B491FE0164100471AAF /* ZRTrackingManager.m */ = {isa = PBXFileReference; fileEncoding = 4; lastKnownFileType = sourcecode.c.objc; path = ZRTrackingManager.m; sourceTree = "<group>"; };
		DE1A4B551FE019CA00471AAF /* AppDelegate.h */ = {isa = PBXFileReference; fileEncoding = 4; lastKnownFileType = sourcecode.c.h; path = AppDelegate.h; sourceTree = "<group>"; };
		DE1A4B561FE019CA00471AAF /* AppDelegate.mm */ = {isa = PBXFileReference; fileEncoding = 4; lastKnownFileType = sourcecode.cpp.objcpp; path = AppDelegate.mm; sourceTree = "<group>"; };
		DE1A4B581FE0BAD300471AAF /* TODO.md */ = {isa = PBXFileReference; fileEncoding = 4; lastKnownFileType = net.daringfireball.markdown; path = TODO.md; sourceTree = "<group>"; };
		DE1A4B5A1FE0C4EA00471AAF /* UserNotifications.framework */ = {isa = PBXFileReference; lastKnownFileType = wrapper.framework; name = UserNotifications.framework; path = System/Library/Frameworks/UserNotifications.framework; sourceTree = SDKROOT; };
		DE57CCBC201F0B9C00AA1197 /* ZRImageRoundCornerViewController.h */ = {isa = PBXFileReference; fileEncoding = 4; lastKnownFileType = sourcecode.c.h; path = ZRImageRoundCornerViewController.h; sourceTree = "<group>"; };
		DE57CCBD201F0B9C00AA1197 /* ZRImageRoundCornerViewController.m */ = {isa = PBXFileReference; fileEncoding = 4; lastKnownFileType = sourcecode.c.objc; path = ZRImageRoundCornerViewController.m; sourceTree = "<group>"; };
		DE57CCBF201F135A00AA1197 /* UIImage+ZRRoundCorner.h */ = {isa = PBXFileReference; lastKnownFileType = sourcecode.c.h; path = "UIImage+ZRRoundCorner.h"; sourceTree = "<group>"; };
		DE57CCC0201F135A00AA1197 /* UIImage+ZRRoundCorner.m */ = {isa = PBXFileReference; lastKnownFileType = sourcecode.c.objc; path = "UIImage+ZRRoundCorner.m"; sourceTree = "<group>"; };
		DE75DE43201479EE00CD28C5 /* ZRStepStatisticView.h */ = {isa = PBXFileReference; fileEncoding = 4; lastKnownFileType = sourcecode.c.h; path = ZRStepStatisticView.h; sourceTree = "<group>"; };
		DE75DE44201479EE00CD28C5 /* ZRStepStatisticView.m */ = {isa = PBXFileReference; fileEncoding = 4; lastKnownFileType = sourcecode.c.objc; path = ZRStepStatisticView.m; sourceTree = "<group>"; };
		DE7894771FF0A40A0060AE7A /* NSObject+ZRDebug.h */ = {isa = PBXFileReference; fileEncoding = 4; lastKnownFileType = sourcecode.c.h; path = "NSObject+ZRDebug.h"; sourceTree = "<group>"; };
		DE7894781FF0A40A0060AE7A /* NSObject+ZRDebug.m */ = {isa = PBXFileReference; fileEncoding = 4; lastKnownFileType = sourcecode.c.objc; path = "NSObject+ZRDebug.m"; sourceTree = "<group>"; };
		DE78947D1FF0A5420060AE7A /* NSObject+ZRDeallocObserve.h */ = {isa = PBXFileReference; fileEncoding = 4; lastKnownFileType = sourcecode.c.h; path = "NSObject+ZRDeallocObserve.h"; sourceTree = "<group>"; };
		DE78947E1FF0A5420060AE7A /* NSObject+ZRDeallocObserve.m */ = {isa = PBXFileReference; fileEncoding = 4; lastKnownFileType = sourcecode.c.objc; path = "NSObject+ZRDeallocObserve.m"; sourceTree = "<group>"; };
		DE7894841FF38C8C0060AE7A /* ZRWorker.h */ = {isa = PBXFileReference; fileEncoding = 4; lastKnownFileType = sourcecode.c.h; path = ZRWorker.h; sourceTree = "<group>"; };
		DE7894851FF38C8C0060AE7A /* ZRWorker.m */ = {isa = PBXFileReference; fileEncoding = 4; lastKnownFileType = sourcecode.c.objc; path = ZRWorker.m; sourceTree = "<group>"; };
		DEAB5C5B2024034000B0102B /* YXTabView.m */ = {isa = PBXFileReference; fileEncoding = 4; lastKnownFileType = sourcecode.c.objc; path = YXTabView.m; sourceTree = "<group>"; };
		DEAB5C5C2024034000B0102B /* YXIgnoreHeaderTouchTableView.m */ = {isa = PBXFileReference; fileEncoding = 4; lastKnownFileType = sourcecode.c.objc; path = YXIgnoreHeaderTouchTableView.m; sourceTree = "<group>"; };
		DEAB5C5D2024034000B0102B /* YXTabItemBaseView.h */ = {isa = PBXFileReference; fileEncoding = 4; lastKnownFileType = sourcecode.c.h; path = YXTabItemBaseView.h; sourceTree = "<group>"; };
		DEAB5C5E2024034000B0102B /* CommentView.h */ = {isa = PBXFileReference; fileEncoding = 4; lastKnownFileType = sourcecode.c.h; path = CommentView.h; sourceTree = "<group>"; };
		DEAB5C5F2024034000B0102B /* YXIgnoreHeaderTouchAndRecognizeSimultaneousTableView.h */ = {isa = PBXFileReference; fileEncoding = 4; lastKnownFileType = sourcecode.c.h; path = YXIgnoreHeaderTouchAndRecognizeSimultaneousTableView.h; sourceTree = "<group>"; };
		DEAB5C602024034000B0102B /* PicAndTextIntroduceView.h */ = {isa = PBXFileReference; fileEncoding = 4; lastKnownFileType = sourcecode.c.h; path = PicAndTextIntroduceView.h; sourceTree = "<group>"; };
		DEAB5C612024034000B0102B /* YXTabTitleView.m */ = {isa = PBXFileReference; fileEncoding = 4; lastKnownFileType = sourcecode.c.objc; path = YXTabTitleView.m; sourceTree = "<group>"; };
		DEAB5C622024034000B0102B /* ItemDetailView.m */ = {isa = PBXFileReference; fileEncoding = 4; lastKnownFileType = sourcecode.c.objc; path = ItemDetailView.m; sourceTree = "<group>"; };
		DEAB5C632024034000B0102B /* YXTabItemBaseView.m */ = {isa = PBXFileReference; fileEncoding = 4; lastKnownFileType = sourcecode.c.objc; path = YXTabItemBaseView.m; sourceTree = "<group>"; };
		DEAB5C642024034000B0102B /* YXIgnoreHeaderTouchTableView.h */ = {isa = PBXFileReference; fileEncoding = 4; lastKnownFileType = sourcecode.c.h; path = YXIgnoreHeaderTouchTableView.h; sourceTree = "<group>"; };
		DEAB5C652024034000B0102B /* YXTabView.h */ = {isa = PBXFileReference; fileEncoding = 4; lastKnownFileType = sourcecode.c.h; path = YXTabView.h; sourceTree = "<group>"; };
		DEAB5C662024034000B0102B /* PicAndTextIntroduceView.m */ = {isa = PBXFileReference; fileEncoding = 4; lastKnownFileType = sourcecode.c.objc; path = PicAndTextIntroduceView.m; sourceTree = "<group>"; };
		DEAB5C672024034000B0102B /* YXIgnoreHeaderTouchAndRecognizeSimultaneousTableView.m */ = {isa = PBXFileReference; fileEncoding = 4; lastKnownFileType = sourcecode.c.objc; path = YXIgnoreHeaderTouchAndRecognizeSimultaneousTableView.m; sourceTree = "<group>"; };
		DEAB5C682024034000B0102B /* CommentView.m */ = {isa = PBXFileReference; fileEncoding = 4; lastKnownFileType = sourcecode.c.objc; path = CommentView.m; sourceTree = "<group>"; };
		DEAB5C692024034000B0102B /* ItemDetailView.h */ = {isa = PBXFileReference; fileEncoding = 4; lastKnownFileType = sourcecode.c.h; path = ItemDetailView.h; sourceTree = "<group>"; };
		DEAB5C6A2024034000B0102B /* YXHeader.h */ = {isa = PBXFileReference; fileEncoding = 4; lastKnownFileType = sourcecode.c.h; path = YXHeader.h; sourceTree = "<group>"; };
		DEAB5C6B2024034000B0102B /* YXTabTitleView.h */ = {isa = PBXFileReference; fileEncoding = 4; lastKnownFileType = sourcecode.c.h; path = YXTabTitleView.h; sourceTree = "<group>"; };
		DEAB5C742024038300B0102B /* YXSuspendTabViewController.h */ = {isa = PBXFileReference; fileEncoding = 4; lastKnownFileType = sourcecode.c.h; path = YXSuspendTabViewController.h; sourceTree = "<group>"; };
		DEAB5C752024038400B0102B /* YXSuspendTabViewController.m */ = {isa = PBXFileReference; fileEncoding = 4; lastKnownFileType = sourcecode.c.objc; path = YXSuspendTabViewController.m; sourceTree = "<group>"; };
		DEAB5C792024536800B0102B /* YXTabViewStyle.h */ = {isa = PBXFileReference; lastKnownFileType = sourcecode.c.h; path = YXTabViewStyle.h; sourceTree = "<group>"; };
		DEAB5C7A2024536800B0102B /* YXTabViewStyle.m */ = {isa = PBXFileReference; lastKnownFileType = sourcecode.c.objc; path = YXTabViewStyle.m; sourceTree = "<group>"; };
		DEBE6F591FEE079600CD0854 /* ZRPerson.h */ = {isa = PBXFileReference; fileEncoding = 4; lastKnownFileType = sourcecode.c.h; path = ZRPerson.h; sourceTree = "<group>"; };
		DEBE6F5A1FEE079600CD0854 /* ZRPerson.m */ = {isa = PBXFileReference; fileEncoding = 4; lastKnownFileType = sourcecode.c.objc; path = ZRPerson.m; sourceTree = "<group>"; };
		DEC167CB1FDD23AF00B1575F /* ZRObjcKit.app */ = {isa = PBXFileReference; explicitFileType = wrapper.application; includeInIndex = 0; path = ZRObjcKit.app; sourceTree = BUILT_PRODUCTS_DIR; };
		DEC167CF1FDD23AF00B1575F /* main.m */ = {isa = PBXFileReference; lastKnownFileType = sourcecode.c.objc; path = main.m; sourceTree = "<group>"; };
		DEC167D41FDD23AF00B1575F /* MainViewController.h */ = {isa = PBXFileReference; lastKnownFileType = sourcecode.c.h; path = MainViewController.h; sourceTree = "<group>"; };
		DEC167D51FDD23AF00B1575F /* MainViewController.m */ = {isa = PBXFileReference; lastKnownFileType = sourcecode.c.objc; path = MainViewController.m; sourceTree = "<group>"; };
		DEC167D81FDD23AF00B1575F /* Base */ = {isa = PBXFileReference; lastKnownFileType = file.storyboard; name = Base; path = Base.lproj/Main.storyboard; sourceTree = "<group>"; };
		DEC167DA1FDD23AF00B1575F /* Assets.xcassets */ = {isa = PBXFileReference; lastKnownFileType = folder.assetcatalog; path = Assets.xcassets; sourceTree = "<group>"; };
		DEC167DD1FDD23AF00B1575F /* Base */ = {isa = PBXFileReference; lastKnownFileType = file.storyboard; name = Base; path = Base.lproj/LaunchScreen.storyboard; sourceTree = "<group>"; };
		DEC167DF1FDD23AF00B1575F /* Info.plist */ = {isa = PBXFileReference; lastKnownFileType = text.plist.xml; path = Info.plist; sourceTree = "<group>"; };
		DEC1681F1FDD292D00B1575F /* OpenUDID.h */ = {isa = PBXFileReference; fileEncoding = 4; lastKnownFileType = sourcecode.c.h; path = OpenUDID.h; sourceTree = "<group>"; };
		DEC168201FDD292D00B1575F /* OpenUDID.m */ = {isa = PBXFileReference; fileEncoding = 4; lastKnownFileType = sourcecode.c.objc; path = OpenUDID.m; sourceTree = "<group>"; };
		DEC168571FDEA91C00B1575F /* Images.xcassets */ = {isa = PBXFileReference; lastKnownFileType = folder.assetcatalog; path = Images.xcassets; sourceTree = "<group>"; };
		DED5C24A1FE26EA30022BA5B /* ZRTextViewAutoSizeViewController.h */ = {isa = PBXFileReference; fileEncoding = 4; lastKnownFileType = sourcecode.c.h; path = ZRTextViewAutoSizeViewController.h; sourceTree = "<group>"; };
		DED5C24B1FE26EA30022BA5B /* ZRTextViewAutoSizeViewController.m */ = {isa = PBXFileReference; fileEncoding = 4; lastKnownFileType = sourcecode.c.objc; path = ZRTextViewAutoSizeViewController.m; sourceTree = "<group>"; };
		DED5C24D1FE2B7500022BA5B /* ZRTextViewAutoSizeExViewController.h */ = {isa = PBXFileReference; fileEncoding = 4; lastKnownFileType = sourcecode.c.h; path = ZRTextViewAutoSizeExViewController.h; sourceTree = "<group>"; };
		DED5C24E1FE2B7500022BA5B /* ZRTextViewAutoSizeExViewController.m */ = {isa = PBXFileReference; fileEncoding = 4; lastKnownFileType = sourcecode.c.objc; path = ZRTextViewAutoSizeExViewController.m; sourceTree = "<group>"; };
		DED5C2501FE2B9130022BA5B /* ZRTextViewAutoSizeConstant.h */ = {isa = PBXFileReference; lastKnownFileType = sourcecode.c.h; path = ZRTextViewAutoSizeConstant.h; sourceTree = "<group>"; };
		DED5C2631FE506160022BA5B /* ZRGridViewController.h */ = {isa = PBXFileReference; fileEncoding = 4; lastKnownFileType = sourcecode.c.h; path = ZRGridViewController.h; sourceTree = "<group>"; };
		DED5C2641FE506160022BA5B /* ZRGridViewController.m */ = {isa = PBXFileReference; fileEncoding = 4; lastKnownFileType = sourcecode.c.objc; path = ZRGridViewController.m; sourceTree = "<group>"; };
		DED5C2681FE5113F0022BA5B /* ZRPickerView.h */ = {isa = PBXFileReference; fileEncoding = 4; lastKnownFileType = sourcecode.c.h; path = ZRPickerView.h; sourceTree = "<group>"; };
		DED5C2691FE5113F0022BA5B /* ZRPickerView.m */ = {isa = PBXFileReference; fileEncoding = 4; lastKnownFileType = sourcecode.c.objc; path = ZRPickerView.m; sourceTree = "<group>"; };
		DED5C26C1FE517C90022BA5B /* ZRGridView.h */ = {isa = PBXFileReference; fileEncoding = 4; lastKnownFileType = sourcecode.c.h; path = ZRGridView.h; sourceTree = "<group>"; };
		DED5C26D1FE517C90022BA5B /* ZRGridView.m */ = {isa = PBXFileReference; fileEncoding = 4; lastKnownFileType = sourcecode.c.objc; path = ZRGridView.m; sourceTree = "<group>"; };
		DED5C26E1FE517C90022BA5B /* ZRGridViewCell.h */ = {isa = PBXFileReference; fileEncoding = 4; lastKnownFileType = sourcecode.c.h; path = ZRGridViewCell.h; sourceTree = "<group>"; };
		DED5C26F1FE517C90022BA5B /* ZRGridViewCell.m */ = {isa = PBXFileReference; fileEncoding = 4; lastKnownFileType = sourcecode.c.objc; path = ZRGridViewCell.m; sourceTree = "<group>"; };
		DED5C2701FE517C90022BA5B /* ZRGridViewHeader.h */ = {isa = PBXFileReference; fileEncoding = 4; lastKnownFileType = sourcecode.c.h; path = ZRGridViewHeader.h; sourceTree = "<group>"; };
		DED5C2711FE517C90022BA5B /* ZRGridViewHeader.m */ = {isa = PBXFileReference; fileEncoding = 4; lastKnownFileType = sourcecode.c.objc; path = ZRGridViewHeader.m; sourceTree = "<group>"; };
		DED5C2721FE517C90022BA5B /* ZRGridViewLayoutAndStyle.h */ = {isa = PBXFileReference; fileEncoding = 4; lastKnownFileType = sourcecode.c.h; path = ZRGridViewLayoutAndStyle.h; sourceTree = "<group>"; };
		DED5C2731FE517C90022BA5B /* ZRGridViewLayoutAndStyle.m */ = {isa = PBXFileReference; fileEncoding = 4; lastKnownFileType = sourcecode.c.objc; path = ZRGridViewLayoutAndStyle.m; sourceTree = "<group>"; };
		DED5C2781FE518B10022BA5B /* ZRObjcKit-PrefixHeader.pch */ = {isa = PBXFileReference; lastKnownFileType = sourcecode.c.h; path = "ZRObjcKit-PrefixHeader.pch"; sourceTree = "<group>"; };
		DED5C27A1FE51CFF0022BA5B /* MDTabBar.h */ = {isa = PBXFileReference; fileEncoding = 4; lastKnownFileType = sourcecode.c.h; path = MDTabBar.h; sourceTree = "<group>"; };
		DED5C27B1FE51CFF0022BA5B /* MDTabBar.m */ = {isa = PBXFileReference; fileEncoding = 4; lastKnownFileType = sourcecode.c.objc; path = MDTabBar.m; sourceTree = "<group>"; };
		DED5C27C1FE51CFF0022BA5B /* MDTabBarViewController.h */ = {isa = PBXFileReference; fileEncoding = 4; lastKnownFileType = sourcecode.c.h; path = MDTabBarViewController.h; sourceTree = "<group>"; };
		DED5C27D1FE51CFF0022BA5B /* MDTabBarViewController.m */ = {isa = PBXFileReference; fileEncoding = 4; lastKnownFileType = sourcecode.c.objc; path = MDTabBarViewController.m; sourceTree = "<group>"; };
		DED5C2811FE521B40022BA5B /* ZRTabBarViewController.h */ = {isa = PBXFileReference; fileEncoding = 4; lastKnownFileType = sourcecode.c.h; path = ZRTabBarViewController.h; sourceTree = "<group>"; };
		DED5C2821FE521B40022BA5B /* ZRTabBarViewController.m */ = {isa = PBXFileReference; fileEncoding = 4; lastKnownFileType = sourcecode.c.objc; path = ZRTabBarViewController.m; sourceTree = "<group>"; };
		DED5C2841FE5225E0022BA5B /* ZRObjcKitConstant.h */ = {isa = PBXFileReference; lastKnownFileType = sourcecode.c.h; path = ZRObjcKitConstant.h; sourceTree = "<group>"; };
		DED7CF202009F656006B8B34 /* ZRKeyValueTableViewCell.h */ = {isa = PBXFileReference; fileEncoding = 4; lastKnownFileType = sourcecode.c.h; path = ZRKeyValueTableViewCell.h; sourceTree = "<group>"; };
		DED7CF212009F656006B8B34 /* ZRKeyValueTableViewCell.m */ = {isa = PBXFileReference; fileEncoding = 4; lastKnownFileType = sourcecode.c.objc; path = ZRKeyValueTableViewCell.m; sourceTree = "<group>"; };
		DED7CF242009FD0F006B8B34 /* ZRMultiOperationView.h */ = {isa = PBXFileReference; fileEncoding = 4; lastKnownFileType = sourcecode.c.h; path = ZRMultiOperationView.h; sourceTree = "<group>"; };
		DED7CF252009FD0F006B8B34 /* ZRMultiOperationView.m */ = {isa = PBXFileReference; fileEncoding = 4; lastKnownFileType = sourcecode.c.objc; path = ZRMultiOperationView.m; sourceTree = "<group>"; };
		DEE25BE020400AE7004F4EF3 /* ZRSort.h */ = {isa = PBXFileReference; lastKnownFileType = sourcecode.c.h; path = ZRSort.h; sourceTree = "<group>"; };
		DEE25BE120400AE7004F4EF3 /* ZRSort.m */ = {isa = PBXFileReference; lastKnownFileType = sourcecode.c.objc; path = ZRSort.m; sourceTree = "<group>"; };
		DEF69DFD20207478002A5FBF /* ZRRoundImageTableViewCell.h */ = {isa = PBXFileReference; lastKnownFileType = sourcecode.c.h; path = ZRRoundImageTableViewCell.h; sourceTree = "<group>"; };
		DEF69DFE20207478002A5FBF /* ZRRoundImageTableViewCell.m */ = {isa = PBXFileReference; lastKnownFileType = sourcecode.c.objc; path = ZRRoundImageTableViewCell.m; sourceTree = "<group>"; };
		DEF69E002021920B002A5FBF /* UIImageView+ZRRoundCorner.h */ = {isa = PBXFileReference; lastKnownFileType = sourcecode.c.h; path = "UIImageView+ZRRoundCorner.h"; sourceTree = "<group>"; };
		DEF69E012021920B002A5FBF /* UIImageView+ZRRoundCorner.m */ = {isa = PBXFileReference; lastKnownFileType = sourcecode.c.objc; path = "UIImageView+ZRRoundCorner.m"; sourceTree = "<group>"; };
		DEF69E04202195FB002A5FBF /* ZRRoundImageViewCornerViewController.h */ = {isa = PBXFileReference; lastKnownFileType = sourcecode.c.h; path = ZRRoundImageViewCornerViewController.h; sourceTree = "<group>"; };
		DEF69E05202195FB002A5FBF /* ZRRoundImageViewCornerViewController.m */ = {isa = PBXFileReference; lastKnownFileType = sourcecode.c.objc; path = ZRRoundImageViewCornerViewController.m; sourceTree = "<group>"; };
		DEF69E08202309DB002A5FBF /* ZRUIWebViewContentHeightCalculateController.m */ = {isa = PBXFileReference; fileEncoding = 4; lastKnownFileType = sourcecode.c.objc; path = ZRUIWebViewContentHeightCalculateController.m; sourceTree = "<group>"; };
		DEF69E0A202309DB002A5FBF /* ZRUIWebViewContentHeightCalculateController.h */ = {isa = PBXFileReference; fileEncoding = 4; lastKnownFileType = sourcecode.c.h; path = ZRUIWebViewContentHeightCalculateController.h; sourceTree = "<group>"; };
		DEF69E0E20230AAF002A5FBF /* WebKit.framework */ = {isa = PBXFileReference; lastKnownFileType = wrapper.framework; name = WebKit.framework; path = System/Library/Frameworks/WebKit.framework; sourceTree = SDKROOT; };
		DEF69E1020230C5F002A5FBF /* ZRWKWebViewContentHeightCalculateController.m */ = {isa = PBXFileReference; fileEncoding = 4; lastKnownFileType = sourcecode.c.objc; path = ZRWKWebViewContentHeightCalculateController.m; sourceTree = "<group>"; };
		DEF69E1120230C60002A5FBF /* ZRWKWebViewContentHeightCalculateController.h */ = {isa = PBXFileReference; fileEncoding = 4; lastKnownFileType = sourcecode.c.h; path = ZRWKWebViewContentHeightCalculateController.h; sourceTree = "<group>"; };
		DEF69E1320230D36002A5FBF /* ZRWebViewContentHeightCalculateController.h */ = {isa = PBXFileReference; lastKnownFileType = sourcecode.c.h; path = ZRWebViewContentHeightCalculateController.h; sourceTree = "<group>"; };
		DEF69E1420230D36002A5FBF /* ZRWebViewContentHeightCalculateController.m */ = {isa = PBXFileReference; lastKnownFileType = sourcecode.c.objc; path = ZRWebViewContentHeightCalculateController.m; sourceTree = "<group>"; };
		DEF69E16202315B3002A5FBF /* ZRWebViewContentHeightCalculateConstant.h */ = {isa = PBXFileReference; lastKnownFileType = sourcecode.c.h; path = ZRWebViewContentHeightCalculateConstant.h; sourceTree = "<group>"; };
		DEF69E1820231E9A002A5FBF /* customCalendar.png */ = {isa = PBXFileReference; lastKnownFileType = image.png; path = customCalendar.png; sourceTree = "<group>"; };
		DEF69E1920231E9A002A5FBF /* polylineGraphic.png */ = {isa = PBXFileReference; lastKnownFileType = image.png; path = polylineGraphic.png; sourceTree = "<group>"; };
		DEF69E1A20231E9A002A5FBF /* pickerview.png */ = {isa = PBXFileReference; lastKnownFileType = image.png; path = pickerview.png; sourceTree = "<group>"; };
		DEF69E1B20231E9A002A5FBF /* fileInfo.png */ = {isa = PBXFileReference; lastKnownFileType = image.png; path = fileInfo.png; sourceTree = "<group>"; };
		DEF69E1C20231E9A002A5FBF /* fileBrowser.png */ = {isa = PBXFileReference; lastKnownFileType = image.png; path = fileBrowser.png; sourceTree = "<group>"; };
		DEF69E2220231EFB002A5FBF /* invoice.pdf */ = {isa = PBXFileReference; lastKnownFileType = image.pdf; path = invoice.pdf; sourceTree = "<group>"; };
		F54AF23E14FF2ED52102C06B /* Pods-ZRTrackingManager.release.xcconfig */ = {isa = PBXFileReference; includeInIndex = 1; lastKnownFileType = text.xcconfig; name = "Pods-ZRTrackingManager.release.xcconfig"; path = "Pods/Target Support Files/Pods-ZRTrackingManager/Pods-ZRTrackingManager.release.xcconfig"; sourceTree = "<group>"; };
/* End PBXFileReference section */

/* Begin PBXFrameworksBuildPhase section */
		DEC167C81FDD23AF00B1575F /* Frameworks */ = {
			isa = PBXFrameworksBuildPhase;
			buildActionMask = 2147483647;
			files = (
				DEF69E0F20230AAF002A5FBF /* WebKit.framework in Frameworks */,
				DE1A4B5B1FE0C4EA00471AAF /* UserNotifications.framework in Frameworks */,
				B4A6DC071B447BA00309F1C3 /* libPods-ZRObjcKit.a in Frameworks */,
			);
			runOnlyForDeploymentPostprocessing = 0;
		};
/* End PBXFrameworksBuildPhase section */

/* Begin PBXGroup section */
		B9163A594FBE478B4EA814FF /* Frameworks */ = {
			isa = PBXGroup;
			children = (
				DEF69E0E20230AAF002A5FBF /* WebKit.framework */,
				DE1A4B5A1FE0C4EA00471AAF /* UserNotifications.framework */,
				63ED8B3156D70638E3D2BC4A /* libPods-ZRTrackingManager.a */,
				D7C37DBD3A7EA49FC39670AF /* libPods-ZRObjcKit.a */,
			);
			name = Frameworks;
			sourceTree = "<group>";
		};
		D0A56DE23868355E1FA6F1D9 /* Pods */ = {
			isa = PBXGroup;
			children = (
				2A596C0C0B3952EBA6502B26 /* Pods-ZRTrackingManager.debug.xcconfig */,
				F54AF23E14FF2ED52102C06B /* Pods-ZRTrackingManager.release.xcconfig */,
				CB3EFB29EF70196A90659FC8 /* Pods-ZRObjcKit.debug.xcconfig */,
				8F7EDB6B9678A0A0B7044F9D /* Pods-ZRObjcKit.release.xcconfig */,
			);
			name = Pods;
			sourceTree = "<group>";
		};
		DE0569A02014838300F10E38 /* ZRStepStatisticViewDemo */ = {
			isa = PBXGroup;
			children = (
				DE0569A1201483B700F10E38 /* ZRStepStatisticViewController.h */,
				DE0569A2201483B700F10E38 /* ZRStepStatisticViewController.m */,
			);
			path = ZRStepStatisticViewDemo;
			sourceTree = "<group>";
		};
		DE0569A4201589EE00F10E38 /* ZRCustomCanlenderView */ = {
			isa = PBXGroup;
			children = (
				DE0569A5201589EF00F10E38 /* ZRCustomCalendarDayCell.h */,
				DE0569A6201589EF00F10E38 /* ZRCustomCalendarDayCell.m */,
				DE0569A7201589EF00F10E38 /* ZRCustomCalendarView.h */,
				DE0569A8201589EF00F10E38 /* ZRCustomCalendarView.m */,
			);
			path = ZRCustomCanlenderView;
			sourceTree = "<group>";
		};
		DE0569AB20158BA500F10E38 /* MDHelpers */ = {
			isa = PBXGroup;
			children = (
				DE0569AC20158BA500F10E38 /* NSCalendarHelper.h */,
				DE0569AD20158BA500F10E38 /* NSCalendarHelper.m */,
				DE0569AE20158BA500F10E38 /* NSDate+MDExtension.h */,
				DE0569AF20158BA500F10E38 /* NSDate+MDExtension.m */,
				DE0569B020158BA500F10E38 /* NSDateHelper.h */,
				DE0569B120158BA500F10E38 /* NSDateHelper.m */,
			);
			path = MDHelpers;
			sourceTree = "<group>";
		};
		DE0569B52015900F00F10E38 /* ZRCustomCalenderDemo */ = {
			isa = PBXGroup;
			children = (
				DE0569B62015902400F10E38 /* ZRCustomCalendarViewController.h */,
				DE0569B72015902400F10E38 /* ZRCustomCalendarViewController.m */,
			);
			path = ZRCustomCalenderDemo;
			sourceTree = "<group>";
		};
		DE0569CE2017203F00F10E38 /* MainPage */ = {
			isa = PBXGroup;
			children = (
				DEC167D71FDD23AF00B1575F /* Main.storyboard */,
				DEC167D41FDD23AF00B1575F /* MainViewController.h */,
				DEC167D51FDD23AF00B1575F /* MainViewController.m */,
			);
			name = MainPage;
			sourceTree = "<group>";
		};
		DE0569D02017206700F10E38 /* Common */ = {
			isa = PBXGroup;
			children = (
				DED5C2841FE5225E0022BA5B /* ZRObjcKitConstant.h */,
				DE57CCBF201F135A00AA1197 /* UIImage+ZRRoundCorner.h */,
				DE57CCC0201F135A00AA1197 /* UIImage+ZRRoundCorner.m */,
				DEF69E002021920B002A5FBF /* UIImageView+ZRRoundCorner.h */,
				DEF69E012021920B002A5FBF /* UIImageView+ZRRoundCorner.m */,
			);
			name = Common;
			sourceTree = "<group>";
		};
		DE1A4B1A1FE0158A00471AAF /* ZRFileModule */ = {
			isa = PBXGroup;
			children = (
				DE1A4B1B1FE0158A00471AAF /* ZRFileBrowser */,
				DE1A4B261FE0158A00471AAF /* ZRFileHelper */,
			);
			path = ZRFileModule;
			sourceTree = "<group>";
		};
		DE1A4B1B1FE0158A00471AAF /* ZRFileBrowser */ = {
			isa = PBXGroup;
			children = (
				DE1A4B1C1FE0158A00471AAF /* Model */,
				DE1A4B1F1FE0158A00471AAF /* View */,
				DE1A4B221FE0158A00471AAF /* ViewController */,
			);
			path = ZRFileBrowser;
			sourceTree = "<group>";
		};
		DE1A4B1C1FE0158A00471AAF /* Model */ = {
			isa = PBXGroup;
			children = (
				DE1A4B1D1FE0158A00471AAF /* ZRFileInfoModel.h */,
				DE1A4B1E1FE0158A00471AAF /* ZRFileInfoModel.m */,
			);
			path = Model;
			sourceTree = "<group>";
		};
		DE1A4B1F1FE0158A00471AAF /* View */ = {
			isa = PBXGroup;
			children = (
				DE1A4B201FE0158A00471AAF /* ZRFileTableViewCell.h */,
				DE1A4B211FE0158A00471AAF /* ZRFileTableViewCell.m */,
			);
			path = View;
			sourceTree = "<group>";
		};
		DE1A4B221FE0158A00471AAF /* ViewController */ = {
			isa = PBXGroup;
			children = (
				DE1A4B231FE0158A00471AAF /* ZRFileListViewController.h */,
				DE1A4B241FE0158A00471AAF /* ZRFileListViewController.m */,
				DE1A4B251FE0158A00471AAF /* ZRFileStoryboard.storyboard */,
			);
			path = ViewController;
			sourceTree = "<group>";
		};
		DE1A4B261FE0158A00471AAF /* ZRFileHelper */ = {
			isa = PBXGroup;
			children = (
				DE1A4B271FE0158A00471AAF /* ZRFileHelper.h */,
				DE1A4B281FE0158A00471AAF /* ZRFileHelper.m */,
			);
			path = ZRFileHelper;
			sourceTree = "<group>";
		};
		DE1A4B2E1FE0164100471AAF /* ZRTrackingLib */ = {
			isa = PBXGroup;
			children = (
				DE1A4B2F1FE0164100471AAF /* ZRTracking.h */,
				DE1A4B301FE0164100471AAF /* ZRTrackingDatabase */,
				DE1A4B331FE0164100471AAF /* ZRTrackingHelper */,
				DE1A4B361FE0164100471AAF /* ZRTrackingHook */,
				DE1A4B471FE0164100471AAF /* ZRTrackingManager */,
			);
			path = ZRTrackingLib;
			sourceTree = "<group>";
		};
		DE1A4B301FE0164100471AAF /* ZRTrackingDatabase */ = {
			isa = PBXGroup;
			children = (
				DE1A4B311FE0164100471AAF /* FMDatabaseQueue+ZRSharedDBQueue.h */,
				DE1A4B321FE0164100471AAF /* FMDatabaseQueue+ZRSharedDBQueue.m */,
			);
			path = ZRTrackingDatabase;
			sourceTree = "<group>";
		};
		DE1A4B331FE0164100471AAF /* ZRTrackingHelper */ = {
			isa = PBXGroup;
			children = (
				DE1A4B341FE0164100471AAF /* ZRTrackingHelper.h */,
				DE1A4B351FE0164100471AAF /* ZRTrackingHelper.m */,
			);
			path = ZRTrackingHelper;
			sourceTree = "<group>";
		};
		DE1A4B361FE0164100471AAF /* ZRTrackingHook */ = {
			isa = PBXGroup;
			children = (
				DE1A4B371FE0164100471AAF /* UIApplication+ZRTracking.h */,
				DE1A4B381FE0164100471AAF /* UIApplication+ZRTracking.m */,
				DE1A4B391FE0164100471AAF /* UICollectionView+ZRTracking.h */,
				DE1A4B3A1FE0164100471AAF /* UICollectionView+ZRTracking.m */,
				DE1A4B3B1FE0164100471AAF /* UIControl+ZRTracking.h */,
				DE1A4B3C1FE0164100471AAF /* UIControl+ZRTracking.m */,
				DE1A4B3D1FE0164100471AAF /* UINavigationController+ZRTracking.h */,
				DE1A4B3E1FE0164100471AAF /* UINavigationController+ZRTracking.m */,
				DE1A4B3F1FE0164100471AAF /* UITableView+ZRDelegateTracking.h */,
				DE1A4B401FE0164100471AAF /* UITableView+ZRDelegateTracking.m */,
				DE1A4B411FE0164100471AAF /* UIViewController+ZRTracking.h */,
				DE1A4B421FE0164100471AAF /* UIViewController+ZRTracking.m */,
				DE1A4B431FE0164100471AAF /* UIWindow+ZRTracking.h */,
				DE1A4B441FE0164100471AAF /* UIWindow+ZRTracking.m */,
				DE1A4B451FE0164100471AAF /* UNUserNotificationCenter+ZRTracking.h */,
				DE1A4B461FE0164100471AAF /* UNUserNotificationCenter+ZRTracking.m */,
			);
			path = ZRTrackingHook;
			sourceTree = "<group>";
		};
		DE1A4B471FE0164100471AAF /* ZRTrackingManager */ = {
			isa = PBXGroup;
			children = (
				DE1A4B481FE0164100471AAF /* ZRTrackingManager.h */,
				DE1A4B491FE0164100471AAF /* ZRTrackingManager.m */,
			);
			path = ZRTrackingManager;
			sourceTree = "<group>";
		};
		DE57CCBB201F0B9C00AA1197 /* ZRImageRoundCornerDemo */ = {
			isa = PBXGroup;
			children = (
				DE57CCBC201F0B9C00AA1197 /* ZRImageRoundCornerViewController.h */,
				DE57CCBD201F0B9C00AA1197 /* ZRImageRoundCornerViewController.m */,
				DEF69DFD20207478002A5FBF /* ZRRoundImageTableViewCell.h */,
				DEF69DFE20207478002A5FBF /* ZRRoundImageTableViewCell.m */,
			);
			path = ZRImageRoundCornerDemo;
			sourceTree = "<group>";
		};
		DE75DE42201479EE00CD28C5 /* ZRStepStatisticView */ = {
			isa = PBXGroup;
			children = (
				DE75DE43201479EE00CD28C5 /* ZRStepStatisticView.h */,
				DE75DE44201479EE00CD28C5 /* ZRStepStatisticView.m */,
			);
			path = ZRStepStatisticView;
			sourceTree = "<group>";
		};
		DE7894761FF0A3CF0060AE7A /* ZRTools */ = {
			isa = PBXGroup;
			children = (
				DE7894771FF0A40A0060AE7A /* NSObject+ZRDebug.h */,
				DE7894781FF0A40A0060AE7A /* NSObject+ZRDebug.m */,
				DE78947D1FF0A5420060AE7A /* NSObject+ZRDeallocObserve.h */,
				DE78947E1FF0A5420060AE7A /* NSObject+ZRDeallocObserve.m */,
			);
			path = ZRTools;
			sourceTree = "<group>";
		};
		DE7894801FF38C590060AE7A /* ZRKvoDemo */ = {
			isa = PBXGroup;
			children = (
				DE7894841FF38C8C0060AE7A /* ZRWorker.h */,
				DE7894851FF38C8C0060AE7A /* ZRWorker.m */,
			);
			path = ZRKvoDemo;
			sourceTree = "<group>";
		};
		DEAB5C5A2024034000B0102B /* YXSuspendTabTableView */ = {
			isa = PBXGroup;
			children = (
				DEAB5C782024509000B0102B /* Demo */,
				DEAB5C6A2024034000B0102B /* YXHeader.h */,
				DEAB5C5F2024034000B0102B /* YXIgnoreHeaderTouchAndRecognizeSimultaneousTableView.h */,
				DEAB5C672024034000B0102B /* YXIgnoreHeaderTouchAndRecognizeSimultaneousTableView.m */,
				DEAB5C642024034000B0102B /* YXIgnoreHeaderTouchTableView.h */,
				DEAB5C5C2024034000B0102B /* YXIgnoreHeaderTouchTableView.m */,
				DEAB5C5D2024034000B0102B /* YXTabItemBaseView.h */,
				DEAB5C632024034000B0102B /* YXTabItemBaseView.m */,
				DEAB5C6B2024034000B0102B /* YXTabTitleView.h */,
				DEAB5C612024034000B0102B /* YXTabTitleView.m */,
				DEAB5C652024034000B0102B /* YXTabView.h */,
				DEAB5C5B2024034000B0102B /* YXTabView.m */,
				DEAB5C792024536800B0102B /* YXTabViewStyle.h */,
				DEAB5C7A2024536800B0102B /* YXTabViewStyle.m */,
			);
			path = YXSuspendTabTableView;
			sourceTree = "<group>";
		};
		DEAB5C782024509000B0102B /* Demo */ = {
			isa = PBXGroup;
			children = (
				DEAB5C5E2024034000B0102B /* CommentView.h */,
				DEAB5C682024034000B0102B /* CommentView.m */,
				DEAB5C692024034000B0102B /* ItemDetailView.h */,
				DEAB5C622024034000B0102B /* ItemDetailView.m */,
				DEAB5C602024034000B0102B /* PicAndTextIntroduceView.h */,
				DEAB5C662024034000B0102B /* PicAndTextIntroduceView.m */,
				DEAB5C742024038300B0102B /* YXSuspendTabViewController.h */,
				DEAB5C752024038400B0102B /* YXSuspendTabViewController.m */,
			);
			path = Demo;
			sourceTree = "<group>";
		};
		DEBE6F571FEE072100CD0854 /* ZRRuntimeDemo */ = {
			isa = PBXGroup;
			children = (
				DEBE6F581FEE072F00CD0854 /* MessageForwarding */,
			);
			path = ZRRuntimeDemo;
			sourceTree = "<group>";
		};
		DEBE6F581FEE072F00CD0854 /* MessageForwarding */ = {
			isa = PBXGroup;
			children = (
				DEBE6F591FEE079600CD0854 /* ZRPerson.h */,
				DEBE6F5A1FEE079600CD0854 /* ZRPerson.m */,
			);
			name = MessageForwarding;
			sourceTree = "<group>";
		};
		DEC167C21FDD23AF00B1575F = {
			isa = PBXGroup;
			children = (
				DEC167CD1FDD23AF00B1575F /* ZRObjcKit */,
				DEC167CC1FDD23AF00B1575F /* Products */,
				D0A56DE23868355E1FA6F1D9 /* Pods */,
				B9163A594FBE478B4EA814FF /* Frameworks */,
			);
			sourceTree = "<group>";
		};
		DEC167CC1FDD23AF00B1575F /* Products */ = {
			isa = PBXGroup;
			children = (
				DEC167CB1FDD23AF00B1575F /* ZRObjcKit.app */,
			);
			name = Products;
			sourceTree = "<group>";
		};
		DEC167CD1FDD23AF00B1575F /* ZRObjcKit */ = {
			isa = PBXGroup;
			children = (
				DE1A4B551FE019CA00471AAF /* AppDelegate.h */,
				DE1A4B561FE019CA00471AAF /* AppDelegate.mm */,
				DE0569D02017206700F10E38 /* Common */,
				DEC168571FDEA91C00B1575F /* Images.xcassets */,
				DE0569CE2017203F00F10E38 /* MainPage */,
				DEF69E1720231E9A002A5FBF /* Resource */,
				DEC167CE1FDD23AF00B1575F /* Supporting Files */,
				DEC1680B1FDD292D00B1575F /* ThirdPartyLib */,
				DED5C2481FE267A90022BA5B /* ZRDemo */,
				DE1A4B1A1FE0158A00471AAF /* ZRFileModule */,
				DE7894761FF0A3CF0060AE7A /* ZRTools */,
				DE1A4B2E1FE0164100471AAF /* ZRTrackingLib */,
				DED5C2661FE510FE0022BA5B /* ZRUILIb */,
			);
			path = ZRObjcKit;
			sourceTree = "<group>";
		};
		DEC167CE1FDD23AF00B1575F /* Supporting Files */ = {
			isa = PBXGroup;
			children = (
				DEC167DA1FDD23AF00B1575F /* Assets.xcassets */,
				DEC167DF1FDD23AF00B1575F /* Info.plist */,
				DEC167DC1FDD23AF00B1575F /* LaunchScreen.storyboard */,
				DED5C2781FE518B10022BA5B /* ZRObjcKit-PrefixHeader.pch */,
				DEC167CF1FDD23AF00B1575F /* main.m */,
				DE1A4B581FE0BAD300471AAF /* TODO.md */,
			);
			name = "Supporting Files";
			sourceTree = "<group>";
		};
		DEC1680B1FDD292D00B1575F /* ThirdPartyLib */ = {
			isa = PBXGroup;
			children = (
				DE0569AB20158BA500F10E38 /* MDHelpers */,
				DEC1681E1FDD292D00B1575F /* OpenUDID */,
			);
			path = ThirdPartyLib;
			sourceTree = "<group>";
		};
		DEC1681E1FDD292D00B1575F /* OpenUDID */ = {
			isa = PBXGroup;
			children = (
				DEC1681F1FDD292D00B1575F /* OpenUDID.h */,
				DEC168201FDD292D00B1575F /* OpenUDID.m */,
			);
			path = OpenUDID;
			sourceTree = "<group>";
		};
		DED5C2481FE267A90022BA5B /* ZRDemo */ = {
			isa = PBXGroup;
			children = (
				DEE25BDF20400AC6004F4EF3 /* ZRAlgorithm */,
				DEAB5C5A2024034000B0102B /* YXSuspendTabTableView */,
				DEF69E07202309DB002A5FBF /* ZRWebViewContentHeightCalculateDemo */,
				DEF69E03202195E1002A5FBF /* ZRRoundImageViewCornerDemo */,
				DE57CCBB201F0B9C00AA1197 /* ZRImageRoundCornerDemo */,
				DE0569B52015900F00F10E38 /* ZRCustomCalenderDemo */,
				DE0569A02014838300F10E38 /* ZRStepStatisticViewDemo */,
				DE7894801FF38C590060AE7A /* ZRKvoDemo */,
				DEBE6F571FEE072100CD0854 /* ZRRuntimeDemo */,
				DED5C2801FE5218F0022BA5B /* ZRTabBarPageDemo */,
				DED5C2621FE505E80022BA5B /* ZRGridViewDemo */,
				DED5C2491FE26C970022BA5B /* ZRTextViewAutoSizeDemo */,
			);
			path = ZRDemo;
			sourceTree = "<group>";
		};
		DED5C2491FE26C970022BA5B /* ZRTextViewAutoSizeDemo */ = {
			isa = PBXGroup;
			children = (
				DED5C24A1FE26EA30022BA5B /* ZRTextViewAutoSizeViewController.h */,
				DED5C24B1FE26EA30022BA5B /* ZRTextViewAutoSizeViewController.m */,
				DED5C24D1FE2B7500022BA5B /* ZRTextViewAutoSizeExViewController.h */,
				DED5C24E1FE2B7500022BA5B /* ZRTextViewAutoSizeExViewController.m */,
				DED5C2501FE2B9130022BA5B /* ZRTextViewAutoSizeConstant.h */,
			);
			path = ZRTextViewAutoSizeDemo;
			sourceTree = "<group>";
		};
		DED5C2621FE505E80022BA5B /* ZRGridViewDemo */ = {
			isa = PBXGroup;
			children = (
				DED5C2631FE506160022BA5B /* ZRGridViewController.h */,
				DED5C2641FE506160022BA5B /* ZRGridViewController.m */,
			);
			path = ZRGridViewDemo;
			sourceTree = "<group>";
		};
		DED5C2661FE510FE0022BA5B /* ZRUILIb */ = {
			isa = PBXGroup;
			children = (
				DE0569A4201589EE00F10E38 /* ZRCustomCanlenderView */,
				DE75DE42201479EE00CD28C5 /* ZRStepStatisticView */,
				DED7CF232009FD0F006B8B34 /* ZRMultiOperationView */,
				DED7CF1F2009F656006B8B34 /* ZRKeyValueTableViewCell */,
				DED5C2791FE51CFF0022BA5B /* MDTabBar */,
				DED5C26B1FE517C90022BA5B /* ZRGridView */,
				DED5C2671FE510FE0022BA5B /* ZRPickertView */,
			);
			path = ZRUILIb;
			sourceTree = "<group>";
		};
		DED5C2671FE510FE0022BA5B /* ZRPickertView */ = {
			isa = PBXGroup;
			children = (
				DED5C2681FE5113F0022BA5B /* ZRPickerView.h */,
				DED5C2691FE5113F0022BA5B /* ZRPickerView.m */,
			);
			path = ZRPickertView;
			sourceTree = "<group>";
		};
		DED5C26B1FE517C90022BA5B /* ZRGridView */ = {
			isa = PBXGroup;
			children = (
				DED5C26C1FE517C90022BA5B /* ZRGridView.h */,
				DED5C26D1FE517C90022BA5B /* ZRGridView.m */,
				DED5C26E1FE517C90022BA5B /* ZRGridViewCell.h */,
				DED5C26F1FE517C90022BA5B /* ZRGridViewCell.m */,
				DED5C2701FE517C90022BA5B /* ZRGridViewHeader.h */,
				DED5C2711FE517C90022BA5B /* ZRGridViewHeader.m */,
				DED5C2721FE517C90022BA5B /* ZRGridViewLayoutAndStyle.h */,
				DED5C2731FE517C90022BA5B /* ZRGridViewLayoutAndStyle.m */,
			);
			path = ZRGridView;
			sourceTree = "<group>";
		};
		DED5C2791FE51CFF0022BA5B /* MDTabBar */ = {
			isa = PBXGroup;
			children = (
				DED5C27A1FE51CFF0022BA5B /* MDTabBar.h */,
				DED5C27B1FE51CFF0022BA5B /* MDTabBar.m */,
				DED5C27C1FE51CFF0022BA5B /* MDTabBarViewController.h */,
				DED5C27D1FE51CFF0022BA5B /* MDTabBarViewController.m */,
			);
			path = MDTabBar;
			sourceTree = "<group>";
		};
		DED5C2801FE5218F0022BA5B /* ZRTabBarPageDemo */ = {
			isa = PBXGroup;
			children = (
				DED5C2811FE521B40022BA5B /* ZRTabBarViewController.h */,
				DED5C2821FE521B40022BA5B /* ZRTabBarViewController.m */,
			);
			path = ZRTabBarPageDemo;
			sourceTree = "<group>";
		};
		DED7CF1F2009F656006B8B34 /* ZRKeyValueTableViewCell */ = {
			isa = PBXGroup;
			children = (
				DED7CF202009F656006B8B34 /* ZRKeyValueTableViewCell.h */,
				DED7CF212009F656006B8B34 /* ZRKeyValueTableViewCell.m */,
			);
			path = ZRKeyValueTableViewCell;
			sourceTree = "<group>";
		};
		DED7CF232009FD0F006B8B34 /* ZRMultiOperationView */ = {
			isa = PBXGroup;
			children = (
				DED7CF242009FD0F006B8B34 /* ZRMultiOperationView.h */,
				DED7CF252009FD0F006B8B34 /* ZRMultiOperationView.m */,
			);
			path = ZRMultiOperationView;
			sourceTree = "<group>";
		};
		DEE25BDF20400AC6004F4EF3 /* ZRAlgorithm */ = {
			isa = PBXGroup;
			children = (
				DEE25BE020400AE7004F4EF3 /* ZRSort.h */,
				DEE25BE120400AE7004F4EF3 /* ZRSort.m */,
			);
			path = ZRAlgorithm;
			sourceTree = "<group>";
		};
		DEF69E03202195E1002A5FBF /* ZRRoundImageViewCornerDemo */ = {
			isa = PBXGroup;
			children = (
				DEF69E04202195FB002A5FBF /* ZRRoundImageViewCornerViewController.h */,
				DEF69E05202195FB002A5FBF /* ZRRoundImageViewCornerViewController.m */,
			);
			path = ZRRoundImageViewCornerDemo;
			sourceTree = "<group>";
		};
		DEF69E07202309DB002A5FBF /* ZRWebViewContentHeightCalculateDemo */ = {
			isa = PBXGroup;
			children = (
				DEF69E0A202309DB002A5FBF /* ZRUIWebViewContentHeightCalculateController.h */,
				DEF69E08202309DB002A5FBF /* ZRUIWebViewContentHeightCalculateController.m */,
				DEF69E16202315B3002A5FBF /* ZRWebViewContentHeightCalculateConstant.h */,
				DEF69E1320230D36002A5FBF /* ZRWebViewContentHeightCalculateController.h */,
				DEF69E1420230D36002A5FBF /* ZRWebViewContentHeightCalculateController.m */,
				DEF69E1120230C60002A5FBF /* ZRWKWebViewContentHeightCalculateController.h */,
				DEF69E1020230C5F002A5FBF /* ZRWKWebViewContentHeightCalculateController.m */,
			);
			path = ZRWebViewContentHeightCalculateDemo;
			sourceTree = "<group>";
		};
		DEF69E1720231E9A002A5FBF /* Resource */ = {
			isa = PBXGroup;
			children = (
				DEF69E2220231EFB002A5FBF /* invoice.pdf */,
				DEF69E1820231E9A002A5FBF /* customCalendar.png */,
				DEF69E1920231E9A002A5FBF /* polylineGraphic.png */,
				DEF69E1A20231E9A002A5FBF /* pickerview.png */,
				DEF69E1B20231E9A002A5FBF /* fileInfo.png */,
				DEF69E1C20231E9A002A5FBF /* fileBrowser.png */,
			);
			path = Resource;
			sourceTree = "<group>";
		};
/* End PBXGroup section */

/* Begin PBXNativeTarget section */
		DEC167CA1FDD23AF00B1575F /* ZRObjcKit */ = {
			isa = PBXNativeTarget;
			buildConfigurationList = DEC167E21FDD23AF00B1575F /* Build configuration list for PBXNativeTarget "ZRObjcKit" */;
			buildPhases = (
				4897092F97C3CB1C4BA60577 /* [CP] Check Pods Manifest.lock */,
				DEC167C71FDD23AF00B1575F /* Sources */,
				DEC167C81FDD23AF00B1575F /* Frameworks */,
				DEC167C91FDD23AF00B1575F /* Resources */,
				32EB7376DFB9C41529FB7797 /* [CP] Embed Pods Frameworks */,
				5CA368295DE79AB3509E139F /* [CP] Copy Pods Resources */,
			);
			buildRules = (
			);
			dependencies = (
			);
			name = ZRObjcKit;
			productName = ZRTrackingManager;
			productReference = DEC167CB1FDD23AF00B1575F /* ZRObjcKit.app */;
			productType = "com.apple.product-type.application";
		};
/* End PBXNativeTarget section */

/* Begin PBXProject section */
		DEC167C31FDD23AF00B1575F /* Project object */ = {
			isa = PBXProject;
			attributes = {
				CLASSPREFIX = ZR;
				LastUpgradeCheck = 0830;
				ORGANIZATIONNAME = jiaxw;
				TargetAttributes = {
					DEC167CA1FDD23AF00B1575F = {
						CreatedOnToolsVersion = 8.3.3;
						DevelopmentTeam = 8MREZQFL24;
						ProvisioningStyle = Automatic;
					};
				};
			};
			buildConfigurationList = DEC167C61FDD23AF00B1575F /* Build configuration list for PBXProject "ZRObjcKit" */;
			compatibilityVersion = "Xcode 3.2";
			developmentRegion = English;
			hasScannedForEncodings = 0;
			knownRegions = (
				en,
				Base,
			);
			mainGroup = DEC167C21FDD23AF00B1575F;
			productRefGroup = DEC167CC1FDD23AF00B1575F /* Products */;
			projectDirPath = "";
			projectRoot = "";
			targets = (
				DEC167CA1FDD23AF00B1575F /* ZRObjcKit */,
			);
		};
/* End PBXProject section */

/* Begin PBXResourcesBuildPhase section */
		DEC167C91FDD23AF00B1575F /* Resources */ = {
			isa = PBXResourcesBuildPhase;
			buildActionMask = 2147483647;
			files = (
				DEF69E2320231EFB002A5FBF /* invoice.pdf in Resources */,
				DEC167DE1FDD23AF00B1575F /* LaunchScreen.storyboard in Resources */,
				DEC168581FDEA91C00B1575F /* Images.xcassets in Resources */,
				DEC167DB1FDD23AF00B1575F /* Assets.xcassets in Resources */,
				DE1A4B2C1FE0158A00471AAF /* ZRFileStoryboard.storyboard in Resources */,
				DEC167D91FDD23AF00B1575F /* Main.storyboard in Resources */,
			);
			runOnlyForDeploymentPostprocessing = 0;
		};
/* End PBXResourcesBuildPhase section */

/* Begin PBXShellScriptBuildPhase section */
		32EB7376DFB9C41529FB7797 /* [CP] Embed Pods Frameworks */ = {
			isa = PBXShellScriptBuildPhase;
			buildActionMask = 2147483647;
			files = (
			);
			inputPaths = (
			);
			name = "[CP] Embed Pods Frameworks";
			outputPaths = (
			);
			runOnlyForDeploymentPostprocessing = 0;
			shellPath = /bin/sh;
			shellScript = "\"${SRCROOT}/Pods/Target Support Files/Pods-ZRObjcKit/Pods-ZRObjcKit-frameworks.sh\"\n";
			showEnvVarsInLog = 0;
		};
		4897092F97C3CB1C4BA60577 /* [CP] Check Pods Manifest.lock */ = {
			isa = PBXShellScriptBuildPhase;
			buildActionMask = 2147483647;
			files = (
			);
			inputPaths = (
				"${PODS_PODFILE_DIR_PATH}/Podfile.lock",
				"${PODS_ROOT}/Manifest.lock",
			);
			name = "[CP] Check Pods Manifest.lock";
			outputPaths = (
				"$(DERIVED_FILE_DIR)/Pods-ZRObjcKit-checkManifestLockResult.txt",
			);
			runOnlyForDeploymentPostprocessing = 0;
			shellPath = /bin/sh;
			shellScript = "diff \"${PODS_PODFILE_DIR_PATH}/Podfile.lock\" \"${PODS_ROOT}/Manifest.lock\" > /dev/null\nif [ $? != 0 ] ; then\n    # print error to STDERR\n    echo \"error: The sandbox is not in sync with the Podfile.lock. Run 'pod install' or update your CocoaPods installation.\" >&2\n    exit 1\nfi\n# This output is used by Xcode 'outputs' to avoid re-running this script phase.\necho \"SUCCESS\" > \"${SCRIPT_OUTPUT_FILE_0}\"\n";
			showEnvVarsInLog = 0;
		};
		5CA368295DE79AB3509E139F /* [CP] Copy Pods Resources */ = {
			isa = PBXShellScriptBuildPhase;
			buildActionMask = 2147483647;
			files = (
			);
			inputPaths = (
			);
			name = "[CP] Copy Pods Resources";
			outputPaths = (
			);
			runOnlyForDeploymentPostprocessing = 0;
			shellPath = /bin/sh;
			shellScript = "\"${SRCROOT}/Pods/Target Support Files/Pods-ZRObjcKit/Pods-ZRObjcKit-resources.sh\"\n";
			showEnvVarsInLog = 0;
		};
/* End PBXShellScriptBuildPhase section */

/* Begin PBXSourcesBuildPhase section */
		DEC167C71FDD23AF00B1575F /* Sources */ = {
			isa = PBXSourcesBuildPhase;
			buildActionMask = 2147483647;
			files = (
				DEAB5C6E2024034000B0102B /* YXTabTitleView.m in Sources */,
				DEF69DFF20207478002A5FBF /* ZRRoundImageTableViewCell.m in Sources */,
				DED5C2751FE517C90022BA5B /* ZRGridViewCell.m in Sources */,
				DED5C27E1FE51CFF0022BA5B /* MDTabBar.m in Sources */,
				DEAB5C6D2024034000B0102B /* YXIgnoreHeaderTouchTableView.m in Sources */,
				DEF69E1520230D36002A5FBF /* ZRWebViewContentHeightCalculateController.m in Sources */,
				DE1A4B571FE019CA00471AAF /* AppDelegate.mm in Sources */,
				DEC167D61FDD23AF00B1575F /* MainViewController.m in Sources */,
				DE1A4B4E1FE0164100471AAF /* UIControl+ZRTracking.m in Sources */,
				DED7CF262009FD0F006B8B34 /* ZRMultiOperationView.m in Sources */,
				DE1A4B4C1FE0164100471AAF /* UIApplication+ZRTracking.m in Sources */,
				DE1A4B591FE0BAD300471AAF /* TODO.md in Sources */,
				DE0569A3201483B700F10E38 /* ZRStepStatisticViewController.m in Sources */,
				DE0569A9201589EF00F10E38 /* ZRCustomCalendarDayCell.m in Sources */,
				DED5C24F1FE2B7500022BA5B /* ZRTextViewAutoSizeExViewController.m in Sources */,
				DEAB5C722024034000B0102B /* YXIgnoreHeaderTouchAndRecognizeSimultaneousTableView.m in Sources */,
				DEBE6F5B1FEE079600CD0854 /* ZRPerson.m in Sources */,
				DED5C2761FE517C90022BA5B /* ZRGridViewHeader.m in Sources */,
				DE1A4B4F1FE0164100471AAF /* UINavigationController+ZRTracking.m in Sources */,
				DE1A4B4D1FE0164100471AAF /* UICollectionView+ZRTracking.m in Sources */,
				DEF69E0C202309DB002A5FBF /* ZRUIWebViewContentHeightCalculateController.m in Sources */,
				DE1A4B291FE0158A00471AAF /* ZRFileInfoModel.m in Sources */,
				DE57CCBE201F0B9D00AA1197 /* ZRImageRoundCornerViewController.m in Sources */,
				DE1A4B2A1FE0158A00471AAF /* ZRFileTableViewCell.m in Sources */,
				DEAB5C762024038400B0102B /* YXSuspendTabViewController.m in Sources */,
				DEF69E06202195FB002A5FBF /* ZRRoundImageViewCornerViewController.m in Sources */,
				DE1A4B531FE0164100471AAF /* UNUserNotificationCenter+ZRTracking.m in Sources */,
				DE1A4B541FE0164100471AAF /* ZRTrackingManager.m in Sources */,
				DE1A4B4B1FE0164100471AAF /* ZRTrackingHelper.m in Sources */,
				DEF69E022021920B002A5FBF /* UIImageView+ZRRoundCorner.m in Sources */,
				DE75DE45201479EE00CD28C5 /* ZRStepStatisticView.m in Sources */,
				DEAB5C6C2024034000B0102B /* YXTabView.m in Sources */,
				DEAB5C712024034000B0102B /* PicAndTextIntroduceView.m in Sources */,
				DED5C2741FE517C90022BA5B /* ZRGridView.m in Sources */,
				DE7894861FF38C8C0060AE7A /* ZRWorker.m in Sources */,
				DED5C2831FE521B40022BA5B /* ZRTabBarViewController.m in Sources */,
				DE1A4B2D1FE0158A00471AAF /* ZRFileHelper.m in Sources */,
				DE0569B220158BA500F10E38 /* NSCalendarHelper.m in Sources */,
				DE0569B320158BA500F10E38 /* NSDate+MDExtension.m in Sources */,
				DEAB5C7B2024536900B0102B /* YXTabViewStyle.m in Sources */,
				DE1A4B521FE0164100471AAF /* UIWindow+ZRTracking.m in Sources */,
				DE7894791FF0A40A0060AE7A /* NSObject+ZRDebug.m in Sources */,
				DED7CF222009F656006B8B34 /* ZRKeyValueTableViewCell.m in Sources */,
				DED5C26A1FE5113F0022BA5B /* ZRPickerView.m in Sources */,
				DEC168281FDD292D00B1575F /* OpenUDID.m in Sources */,
				DEAB5C732024034000B0102B /* CommentView.m in Sources */,
				DED5C2651FE506160022BA5B /* ZRGridViewController.m in Sources */,
				DE0569B420158BA500F10E38 /* NSDateHelper.m in Sources */,
				DEAB5C6F2024034000B0102B /* ItemDetailView.m in Sources */,
				DE1A4B501FE0164100471AAF /* UITableView+ZRDelegateTracking.m in Sources */,
				DE1A4B2B1FE0158A00471AAF /* ZRFileListViewController.m in Sources */,
				DEF69E1220230C60002A5FBF /* ZRWKWebViewContentHeightCalculateController.m in Sources */,
				DEC167D01FDD23AF00B1575F /* main.m in Sources */,
				DE0569B82015902400F10E38 /* ZRCustomCalendarViewController.m in Sources */,
				DEAB5C702024034000B0102B /* YXTabItemBaseView.m in Sources */,
				DEE25BE220400AE7004F4EF3 /* ZRSort.m in Sources */,
				DED5C27F1FE51CFF0022BA5B /* MDTabBarViewController.m in Sources */,
				DE0569AA201589EF00F10E38 /* ZRCustomCalendarView.m in Sources */,
				DE78947F1FF0A5420060AE7A /* NSObject+ZRDeallocObserve.m in Sources */,
				DED5C2771FE517C90022BA5B /* ZRGridViewLayoutAndStyle.m in Sources */,
				DE1A4B4A1FE0164100471AAF /* FMDatabaseQueue+ZRSharedDBQueue.m in Sources */,
				DED5C24C1FE26EA30022BA5B /* ZRTextViewAutoSizeViewController.m in Sources */,
				DE57CCC1201F135A00AA1197 /* UIImage+ZRRoundCorner.m in Sources */,
				DE1A4B511FE0164100471AAF /* UIViewController+ZRTracking.m in Sources */,
			);
			runOnlyForDeploymentPostprocessing = 0;
		};
/* End PBXSourcesBuildPhase section */

/* Begin PBXVariantGroup section */
		DEC167D71FDD23AF00B1575F /* Main.storyboard */ = {
			isa = PBXVariantGroup;
			children = (
				DEC167D81FDD23AF00B1575F /* Base */,
			);
			name = Main.storyboard;
			sourceTree = "<group>";
		};
		DEC167DC1FDD23AF00B1575F /* LaunchScreen.storyboard */ = {
			isa = PBXVariantGroup;
			children = (
				DEC167DD1FDD23AF00B1575F /* Base */,
			);
			name = LaunchScreen.storyboard;
			sourceTree = "<group>";
		};
/* End PBXVariantGroup section */

/* Begin XCBuildConfiguration section */
		DEC167E01FDD23AF00B1575F /* Debug */ = {
			isa = XCBuildConfiguration;
			buildSettings = {
				ALWAYS_SEARCH_USER_PATHS = NO;
				CLANG_ANALYZER_NONNULL = YES;
				CLANG_ANALYZER_NUMBER_OBJECT_CONVERSION = YES_AGGRESSIVE;
				CLANG_CXX_LANGUAGE_STANDARD = "gnu++0x";
				CLANG_CXX_LIBRARY = "libc++";
				CLANG_ENABLE_MODULES = YES;
				CLANG_ENABLE_OBJC_ARC = YES;
				CLANG_WARN_BOOL_CONVERSION = YES;
				CLANG_WARN_CONSTANT_CONVERSION = YES;
				CLANG_WARN_DIRECT_OBJC_ISA_USAGE = YES_ERROR;
				CLANG_WARN_DOCUMENTATION_COMMENTS = YES;
				CLANG_WARN_EMPTY_BODY = YES;
				CLANG_WARN_ENUM_CONVERSION = YES;
				CLANG_WARN_INFINITE_RECURSION = YES;
				CLANG_WARN_INT_CONVERSION = YES;
				CLANG_WARN_OBJC_ROOT_CLASS = YES_ERROR;
				CLANG_WARN_SUSPICIOUS_MOVE = YES;
				CLANG_WARN_UNREACHABLE_CODE = YES;
				CLANG_WARN__DUPLICATE_METHOD_MATCH = YES;
				"CODE_SIGN_IDENTITY[sdk=iphoneos*]" = "iPhone Developer";
				COPY_PHASE_STRIP = NO;
				DEBUG_INFORMATION_FORMAT = dwarf;
				ENABLE_STRICT_OBJC_MSGSEND = YES;
				ENABLE_TESTABILITY = YES;
				GCC_C_LANGUAGE_STANDARD = gnu99;
				GCC_DYNAMIC_NO_PIC = NO;
				GCC_NO_COMMON_BLOCKS = YES;
				GCC_OPTIMIZATION_LEVEL = 0;
				GCC_PREPROCESSOR_DEFINITIONS = (
					"DEBUG=1",
					"$(inherited)",
				);
				GCC_WARN_64_TO_32_BIT_CONVERSION = YES;
				GCC_WARN_ABOUT_RETURN_TYPE = YES_ERROR;
				GCC_WARN_UNDECLARED_SELECTOR = YES;
				GCC_WARN_UNINITIALIZED_AUTOS = YES_AGGRESSIVE;
				GCC_WARN_UNUSED_FUNCTION = YES;
				GCC_WARN_UNUSED_VARIABLE = YES;
				IPHONEOS_DEPLOYMENT_TARGET = 9.0;
				MTL_ENABLE_DEBUG_INFO = YES;
				ONLY_ACTIVE_ARCH = YES;
				SDKROOT = iphoneos;
				TARGETED_DEVICE_FAMILY = "1,2";
			};
			name = Debug;
		};
		DEC167E11FDD23AF00B1575F /* Release */ = {
			isa = XCBuildConfiguration;
			buildSettings = {
				ALWAYS_SEARCH_USER_PATHS = NO;
				CLANG_ANALYZER_NONNULL = YES;
				CLANG_ANALYZER_NUMBER_OBJECT_CONVERSION = YES_AGGRESSIVE;
				CLANG_CXX_LANGUAGE_STANDARD = "gnu++0x";
				CLANG_CXX_LIBRARY = "libc++";
				CLANG_ENABLE_MODULES = YES;
				CLANG_ENABLE_OBJC_ARC = YES;
				CLANG_WARN_BOOL_CONVERSION = YES;
				CLANG_WARN_CONSTANT_CONVERSION = YES;
				CLANG_WARN_DIRECT_OBJC_ISA_USAGE = YES_ERROR;
				CLANG_WARN_DOCUMENTATION_COMMENTS = YES;
				CLANG_WARN_EMPTY_BODY = YES;
				CLANG_WARN_ENUM_CONVERSION = YES;
				CLANG_WARN_INFINITE_RECURSION = YES;
				CLANG_WARN_INT_CONVERSION = YES;
				CLANG_WARN_OBJC_ROOT_CLASS = YES_ERROR;
				CLANG_WARN_SUSPICIOUS_MOVE = YES;
				CLANG_WARN_UNREACHABLE_CODE = YES;
				CLANG_WARN__DUPLICATE_METHOD_MATCH = YES;
				"CODE_SIGN_IDENTITY[sdk=iphoneos*]" = "iPhone Developer";
				COPY_PHASE_STRIP = NO;
				DEBUG_INFORMATION_FORMAT = "dwarf-with-dsym";
				ENABLE_NS_ASSERTIONS = NO;
				ENABLE_STRICT_OBJC_MSGSEND = YES;
				GCC_C_LANGUAGE_STANDARD = gnu99;
				GCC_NO_COMMON_BLOCKS = YES;
				GCC_WARN_64_TO_32_BIT_CONVERSION = YES;
				GCC_WARN_ABOUT_RETURN_TYPE = YES_ERROR;
				GCC_WARN_UNDECLARED_SELECTOR = YES;
				GCC_WARN_UNINITIALIZED_AUTOS = YES_AGGRESSIVE;
				GCC_WARN_UNUSED_FUNCTION = YES;
				GCC_WARN_UNUSED_VARIABLE = YES;
				IPHONEOS_DEPLOYMENT_TARGET = 9.0;
				MTL_ENABLE_DEBUG_INFO = NO;
				SDKROOT = iphoneos;
				TARGETED_DEVICE_FAMILY = "1,2";
				VALIDATE_PRODUCT = YES;
			};
			name = Release;
		};
		DEC167E31FDD23AF00B1575F /* Debug */ = {
			isa = XCBuildConfiguration;
			baseConfigurationReference = CB3EFB29EF70196A90659FC8 /* Pods-ZRObjcKit.debug.xcconfig */;
			buildSettings = {
				ASSETCATALOG_COMPILER_APPICON_NAME = AppIcon;
				DEVELOPMENT_TEAM = 8MREZQFL24;
				GCC_INCREASE_PRECOMPILED_HEADER_SHARING = NO;
				GCC_PRECOMPILE_PREFIX_HEADER = NO;
				GCC_PREFIX_HEADER = "ZRObjcKit/ZRObjcKit-PrefixHeader.pch";
				INFOPLIST_FILE = ZRObjcKit/Info.plist;
				LD_RUNPATH_SEARCH_PATHS = "$(inherited) @executable_path/Frameworks";
				PRODUCT_BUNDLE_IDENTIFIER = com.jiaxw.ZRObjcKit;
				PRODUCT_NAME = "$(TARGET_NAME)";
				VALID_ARCHS = "armv7 armv7s arm64";
			};
			name = Debug;
		};
		DEC167E41FDD23AF00B1575F /* Release */ = {
			isa = XCBuildConfiguration;
			baseConfigurationReference = 8F7EDB6B9678A0A0B7044F9D /* Pods-ZRObjcKit.release.xcconfig */;
			buildSettings = {
				ASSETCATALOG_COMPILER_APPICON_NAME = AppIcon;
				DEVELOPMENT_TEAM = 8MREZQFL24;
				GCC_INCREASE_PRECOMPILED_HEADER_SHARING = NO;
				GCC_PRECOMPILE_PREFIX_HEADER = NO;
				GCC_PREFIX_HEADER = "ZRObjcKit/ZRObjcKit-PrefixHeader.pch";
				INFOPLIST_FILE = ZRObjcKit/Info.plist;
				LD_RUNPATH_SEARCH_PATHS = "$(inherited) @executable_path/Frameworks";
				PRODUCT_BUNDLE_IDENTIFIER = com.jiaxw.ZRObjcKit;
				PRODUCT_NAME = "$(TARGET_NAME)";
				VALID_ARCHS = "armv7 armv7s arm64";
			};
			name = Release;
		};
/* End XCBuildConfiguration section */

/* Begin XCConfigurationList section */
		DEC167C61FDD23AF00B1575F /* Build configuration list for PBXProject "ZRObjcKit" */ = {
			isa = XCConfigurationList;
			buildConfigurations = (
				DEC167E01FDD23AF00B1575F /* Debug */,
				DEC167E11FDD23AF00B1575F /* Release */,
			);
			defaultConfigurationIsVisible = 0;
			defaultConfigurationName = Release;
		};
		DEC167E21FDD23AF00B1575F /* Build configuration list for PBXNativeTarget "ZRObjcKit" */ = {
			isa = XCConfigurationList;
			buildConfigurations = (
				DEC167E31FDD23AF00B1575F /* Debug */,
				DEC167E41FDD23AF00B1575F /* Release */,
			);
			defaultConfigurationIsVisible = 0;
			defaultConfigurationName = Release;
		};
/* End XCConfigurationList section */
	};
	rootObject = DEC167C31FDD23AF00B1575F /* Project object */;
}
