// !$*UTF8*$!
{
	archiveVersion = 1;
	classes = {
	};
	objectVersion = 46;
	objects = {

/* Begin PBXBuildFile section */
		A1AD387149040C18D36DF915 /* libPods-ZRTrackingManager.a in Frameworks */ = {isa = PBXBuildFile; fileRef = 63ED8B3156D70638E3D2BC4A /* libPods-ZRTrackingManager.a */; };
		DEC167D01FDD23AF00B1575F /* main.m in Sources */ = {isa = PBXBuildFile; fileRef = DEC167CF1FDD23AF00B1575F /* main.m */; };
		DEC167D31FDD23AF00B1575F /* AppDelegate.m in Sources */ = {isa = PBXBuildFile; fileRef = DEC167D21FDD23AF00B1575F /* AppDelegate.m */; };
		DEC167D61FDD23AF00B1575F /* ViewController.m in Sources */ = {isa = PBXBuildFile; fileRef = DEC167D51FDD23AF00B1575F /* ViewController.m */; };
		DEC167D91FDD23AF00B1575F /* Main.storyboard in Resources */ = {isa = PBXBuildFile; fileRef = DEC167D71FDD23AF00B1575F /* Main.storyboard */; };
		DEC167DB1FDD23AF00B1575F /* Assets.xcassets in Resources */ = {isa = PBXBuildFile; fileRef = DEC167DA1FDD23AF00B1575F /* Assets.xcassets */; };
		DEC167DE1FDD23AF00B1575F /* LaunchScreen.storyboard in Resources */ = {isa = PBXBuildFile; fileRef = DEC167DC1FDD23AF00B1575F /* LaunchScreen.storyboard */; };
		DEC168001FDD283700B1575F /* FMDatabaseQueue+ZRSharedDBQueue.m in Sources */ = {isa = PBXBuildFile; fileRef = DEC167E91FDD283700B1575F /* FMDatabaseQueue+ZRSharedDBQueue.m */; };
		DEC168011FDD283700B1575F /* ZRTrackingHelper.m in Sources */ = {isa = PBXBuildFile; fileRef = DEC167EC1FDD283700B1575F /* ZRTrackingHelper.m */; };
		DEC168021FDD283700B1575F /* UIApplication+ZRTracking.m in Sources */ = {isa = PBXBuildFile; fileRef = DEC167EF1FDD283700B1575F /* UIApplication+ZRTracking.m */; };
		DEC168031FDD283700B1575F /* UICollectionView+ZRTracking.m in Sources */ = {isa = PBXBuildFile; fileRef = DEC167F11FDD283700B1575F /* UICollectionView+ZRTracking.m */; };
		DEC168041FDD283700B1575F /* UIControl+ZRTracking.m in Sources */ = {isa = PBXBuildFile; fileRef = DEC167F31FDD283700B1575F /* UIControl+ZRTracking.m */; };
		DEC168051FDD283700B1575F /* UINavigationController+ZRTracking.m in Sources */ = {isa = PBXBuildFile; fileRef = DEC167F51FDD283700B1575F /* UINavigationController+ZRTracking.m */; };
		DEC168061FDD283700B1575F /* UITableView+ZRDelegateTracking.m in Sources */ = {isa = PBXBuildFile; fileRef = DEC167F71FDD283700B1575F /* UITableView+ZRDelegateTracking.m */; };
		DEC168071FDD283700B1575F /* UIViewController+ZRTracking.m in Sources */ = {isa = PBXBuildFile; fileRef = DEC167F91FDD283700B1575F /* UIViewController+ZRTracking.m */; };
		DEC168081FDD283700B1575F /* UIWindow+ZRTracking.m in Sources */ = {isa = PBXBuildFile; fileRef = DEC167FB1FDD283700B1575F /* UIWindow+ZRTracking.m */; };
		DEC168091FDD283700B1575F /* UNUserNotificationCenter+ZRTracking.m in Sources */ = {isa = PBXBuildFile; fileRef = DEC167FD1FDD283700B1575F /* UNUserNotificationCenter+ZRTracking.m */; };
		DEC1680A1FDD283700B1575F /* ZRTrackingManager.m in Sources */ = {isa = PBXBuildFile; fileRef = DEC167FF1FDD283700B1575F /* ZRTrackingManager.m */; };
		DEC168281FDD292D00B1575F /* OpenUDID.m in Sources */ = {isa = PBXBuildFile; fileRef = DEC168201FDD292D00B1575F /* OpenUDID.m */; settings = {COMPILER_FLAGS = "-fno-objc-arc"; }; };
		DEC168431FDD32E800B1575F /* ZRFileHelper.m in Sources */ = {isa = PBXBuildFile; fileRef = DEC168421FDD32E800B1575F /* ZRFileHelper.m */; };
		DEC168461FDE632100B1575F /* ZRFileInfoModel.m in Sources */ = {isa = PBXBuildFile; fileRef = DEC168451FDE632100B1575F /* ZRFileInfoModel.m */; };
		DEC168491FDE866A00B1575F /* ZRFileViewController.m in Sources */ = {isa = PBXBuildFile; fileRef = DEC168481FDE866900B1575F /* ZRFileViewController.m */; };
		DEC168501FDE86A000B1575F /* ZRFileStoryboard.storyboard in Resources */ = {isa = PBXBuildFile; fileRef = DEC1684F1FDE86A000B1575F /* ZRFileStoryboard.storyboard */; };
		DEC168531FDE874500B1575F /* ZRFileTableViewCell.m in Sources */ = {isa = PBXBuildFile; fileRef = DEC168521FDE874500B1575F /* ZRFileTableViewCell.m */; };
		DEC168581FDEA91C00B1575F /* Images.xcassets in Resources */ = {isa = PBXBuildFile; fileRef = DEC168571FDEA91C00B1575F /* Images.xcassets */; };
/* End PBXBuildFile section */

/* Begin PBXFileReference section */
		2A596C0C0B3952EBA6502B26 /* Pods-ZRTrackingManager.debug.xcconfig */ = {isa = PBXFileReference; includeInIndex = 1; lastKnownFileType = text.xcconfig; name = "Pods-ZRTrackingManager.debug.xcconfig"; path = "Pods/Target Support Files/Pods-ZRTrackingManager/Pods-ZRTrackingManager.debug.xcconfig"; sourceTree = "<group>"; };
		63ED8B3156D70638E3D2BC4A /* libPods-ZRTrackingManager.a */ = {isa = PBXFileReference; explicitFileType = archive.ar; includeInIndex = 0; path = "libPods-ZRTrackingManager.a"; sourceTree = BUILT_PRODUCTS_DIR; };
		DEC167CB1FDD23AF00B1575F /* ZRTrackingManager.app */ = {isa = PBXFileReference; explicitFileType = wrapper.application; includeInIndex = 0; path = ZRTrackingManager.app; sourceTree = BUILT_PRODUCTS_DIR; };
		DEC167CF1FDD23AF00B1575F /* main.m */ = {isa = PBXFileReference; lastKnownFileType = sourcecode.c.objc; path = main.m; sourceTree = "<group>"; };
		DEC167D11FDD23AF00B1575F /* AppDelegate.h */ = {isa = PBXFileReference; lastKnownFileType = sourcecode.c.h; path = AppDelegate.h; sourceTree = "<group>"; };
		DEC167D21FDD23AF00B1575F /* AppDelegate.m */ = {isa = PBXFileReference; lastKnownFileType = sourcecode.c.objc; path = AppDelegate.m; sourceTree = "<group>"; };
		DEC167D41FDD23AF00B1575F /* ViewController.h */ = {isa = PBXFileReference; lastKnownFileType = sourcecode.c.h; path = ViewController.h; sourceTree = "<group>"; };
		DEC167D51FDD23AF00B1575F /* ViewController.m */ = {isa = PBXFileReference; lastKnownFileType = sourcecode.c.objc; path = ViewController.m; sourceTree = "<group>"; };
		DEC167D81FDD23AF00B1575F /* Base */ = {isa = PBXFileReference; lastKnownFileType = file.storyboard; name = Base; path = Base.lproj/Main.storyboard; sourceTree = "<group>"; };
		DEC167DA1FDD23AF00B1575F /* Assets.xcassets */ = {isa = PBXFileReference; lastKnownFileType = folder.assetcatalog; path = Assets.xcassets; sourceTree = "<group>"; };
		DEC167DD1FDD23AF00B1575F /* Base */ = {isa = PBXFileReference; lastKnownFileType = file.storyboard; name = Base; path = Base.lproj/LaunchScreen.storyboard; sourceTree = "<group>"; };
		DEC167DF1FDD23AF00B1575F /* Info.plist */ = {isa = PBXFileReference; lastKnownFileType = text.plist.xml; path = Info.plist; sourceTree = "<group>"; };
		DEC167E61FDD283700B1575F /* ZRTracking.h */ = {isa = PBXFileReference; fileEncoding = 4; lastKnownFileType = sourcecode.c.h; path = ZRTracking.h; sourceTree = "<group>"; };
		DEC167E81FDD283700B1575F /* FMDatabaseQueue+ZRSharedDBQueue.h */ = {isa = PBXFileReference; fileEncoding = 4; lastKnownFileType = sourcecode.c.h; path = "FMDatabaseQueue+ZRSharedDBQueue.h"; sourceTree = "<group>"; };
		DEC167E91FDD283700B1575F /* FMDatabaseQueue+ZRSharedDBQueue.m */ = {isa = PBXFileReference; fileEncoding = 4; lastKnownFileType = sourcecode.c.objc; path = "FMDatabaseQueue+ZRSharedDBQueue.m"; sourceTree = "<group>"; };
		DEC167EB1FDD283700B1575F /* ZRTrackingHelper.h */ = {isa = PBXFileReference; fileEncoding = 4; lastKnownFileType = sourcecode.c.h; path = ZRTrackingHelper.h; sourceTree = "<group>"; };
		DEC167EC1FDD283700B1575F /* ZRTrackingHelper.m */ = {isa = PBXFileReference; fileEncoding = 4; lastKnownFileType = sourcecode.c.objc; path = ZRTrackingHelper.m; sourceTree = "<group>"; };
		DEC167EE1FDD283700B1575F /* UIApplication+ZRTracking.h */ = {isa = PBXFileReference; fileEncoding = 4; lastKnownFileType = sourcecode.c.h; path = "UIApplication+ZRTracking.h"; sourceTree = "<group>"; };
		DEC167EF1FDD283700B1575F /* UIApplication+ZRTracking.m */ = {isa = PBXFileReference; fileEncoding = 4; lastKnownFileType = sourcecode.c.objc; path = "UIApplication+ZRTracking.m"; sourceTree = "<group>"; };
		DEC167F01FDD283700B1575F /* UICollectionView+ZRTracking.h */ = {isa = PBXFileReference; fileEncoding = 4; lastKnownFileType = sourcecode.c.h; path = "UICollectionView+ZRTracking.h"; sourceTree = "<group>"; };
		DEC167F11FDD283700B1575F /* UICollectionView+ZRTracking.m */ = {isa = PBXFileReference; fileEncoding = 4; lastKnownFileType = sourcecode.c.objc; path = "UICollectionView+ZRTracking.m"; sourceTree = "<group>"; };
		DEC167F21FDD283700B1575F /* UIControl+ZRTracking.h */ = {isa = PBXFileReference; fileEncoding = 4; lastKnownFileType = sourcecode.c.h; path = "UIControl+ZRTracking.h"; sourceTree = "<group>"; };
		DEC167F31FDD283700B1575F /* UIControl+ZRTracking.m */ = {isa = PBXFileReference; fileEncoding = 4; lastKnownFileType = sourcecode.c.objc; path = "UIControl+ZRTracking.m"; sourceTree = "<group>"; };
		DEC167F41FDD283700B1575F /* UINavigationController+ZRTracking.h */ = {isa = PBXFileReference; fileEncoding = 4; lastKnownFileType = sourcecode.c.h; path = "UINavigationController+ZRTracking.h"; sourceTree = "<group>"; };
		DEC167F51FDD283700B1575F /* UINavigationController+ZRTracking.m */ = {isa = PBXFileReference; fileEncoding = 4; lastKnownFileType = sourcecode.c.objc; path = "UINavigationController+ZRTracking.m"; sourceTree = "<group>"; };
		DEC167F61FDD283700B1575F /* UITableView+ZRDelegateTracking.h */ = {isa = PBXFileReference; fileEncoding = 4; lastKnownFileType = sourcecode.c.h; path = "UITableView+ZRDelegateTracking.h"; sourceTree = "<group>"; };
		DEC167F71FDD283700B1575F /* UITableView+ZRDelegateTracking.m */ = {isa = PBXFileReference; fileEncoding = 4; lastKnownFileType = sourcecode.c.objc; path = "UITableView+ZRDelegateTracking.m"; sourceTree = "<group>"; };
		DEC167F81FDD283700B1575F /* UIViewController+ZRTracking.h */ = {isa = PBXFileReference; fileEncoding = 4; lastKnownFileType = sourcecode.c.h; path = "UIViewController+ZRTracking.h"; sourceTree = "<group>"; };
		DEC167F91FDD283700B1575F /* UIViewController+ZRTracking.m */ = {isa = PBXFileReference; fileEncoding = 4; lastKnownFileType = sourcecode.c.objc; path = "UIViewController+ZRTracking.m"; sourceTree = "<group>"; };
		DEC167FA1FDD283700B1575F /* UIWindow+ZRTracking.h */ = {isa = PBXFileReference; fileEncoding = 4; lastKnownFileType = sourcecode.c.h; path = "UIWindow+ZRTracking.h"; sourceTree = "<group>"; };
		DEC167FB1FDD283700B1575F /* UIWindow+ZRTracking.m */ = {isa = PBXFileReference; fileEncoding = 4; lastKnownFileType = sourcecode.c.objc; path = "UIWindow+ZRTracking.m"; sourceTree = "<group>"; };
		DEC167FC1FDD283700B1575F /* UNUserNotificationCenter+ZRTracking.h */ = {isa = PBXFileReference; fileEncoding = 4; lastKnownFileType = sourcecode.c.h; path = "UNUserNotificationCenter+ZRTracking.h"; sourceTree = "<group>"; };
		DEC167FD1FDD283700B1575F /* UNUserNotificationCenter+ZRTracking.m */ = {isa = PBXFileReference; fileEncoding = 4; lastKnownFileType = sourcecode.c.objc; path = "UNUserNotificationCenter+ZRTracking.m"; sourceTree = "<group>"; };
		DEC167FE1FDD283700B1575F /* ZRTrackingManager.h */ = {isa = PBXFileReference; fileEncoding = 4; lastKnownFileType = sourcecode.c.h; path = ZRTrackingManager.h; sourceTree = "<group>"; };
		DEC167FF1FDD283700B1575F /* ZRTrackingManager.m */ = {isa = PBXFileReference; fileEncoding = 4; lastKnownFileType = sourcecode.c.objc; path = ZRTrackingManager.m; sourceTree = "<group>"; };
		DEC1681F1FDD292D00B1575F /* OpenUDID.h */ = {isa = PBXFileReference; fileEncoding = 4; lastKnownFileType = sourcecode.c.h; path = OpenUDID.h; sourceTree = "<group>"; };
		DEC168201FDD292D00B1575F /* OpenUDID.m */ = {isa = PBXFileReference; fileEncoding = 4; lastKnownFileType = sourcecode.c.objc; path = OpenUDID.m; sourceTree = "<group>"; };
		DEC168411FDD32E800B1575F /* ZRFileHelper.h */ = {isa = PBXFileReference; fileEncoding = 4; lastKnownFileType = sourcecode.c.h; path = ZRFileHelper.h; sourceTree = "<group>"; };
		DEC168421FDD32E800B1575F /* ZRFileHelper.m */ = {isa = PBXFileReference; fileEncoding = 4; lastKnownFileType = sourcecode.c.objc; path = ZRFileHelper.m; sourceTree = "<group>"; };
		DEC168441FDE632100B1575F /* ZRFileInfoModel.h */ = {isa = PBXFileReference; fileEncoding = 4; lastKnownFileType = sourcecode.c.h; path = ZRFileInfoModel.h; sourceTree = "<group>"; };
		DEC168451FDE632100B1575F /* ZRFileInfoModel.m */ = {isa = PBXFileReference; fileEncoding = 4; lastKnownFileType = sourcecode.c.objc; path = ZRFileInfoModel.m; sourceTree = "<group>"; };
		DEC168471FDE866900B1575F /* ZRFileViewController.h */ = {isa = PBXFileReference; fileEncoding = 4; lastKnownFileType = sourcecode.c.h; path = ZRFileViewController.h; sourceTree = "<group>"; };
		DEC168481FDE866900B1575F /* ZRFileViewController.m */ = {isa = PBXFileReference; fileEncoding = 4; lastKnownFileType = sourcecode.c.objc; path = ZRFileViewController.m; sourceTree = "<group>"; };
		DEC1684F1FDE86A000B1575F /* ZRFileStoryboard.storyboard */ = {isa = PBXFileReference; fileEncoding = 4; lastKnownFileType = file.storyboard; path = ZRFileStoryboard.storyboard; sourceTree = "<group>"; };
		DEC168511FDE874500B1575F /* ZRFileTableViewCell.h */ = {isa = PBXFileReference; fileEncoding = 4; lastKnownFileType = sourcecode.c.h; path = ZRFileTableViewCell.h; sourceTree = "<group>"; };
		DEC168521FDE874500B1575F /* ZRFileTableViewCell.m */ = {isa = PBXFileReference; fileEncoding = 4; lastKnownFileType = sourcecode.c.objc; path = ZRFileTableViewCell.m; sourceTree = "<group>"; };
		DEC168571FDEA91C00B1575F /* Images.xcassets */ = {isa = PBXFileReference; lastKnownFileType = folder.assetcatalog; path = Images.xcassets; sourceTree = "<group>"; };
		F54AF23E14FF2ED52102C06B /* Pods-ZRTrackingManager.release.xcconfig */ = {isa = PBXFileReference; includeInIndex = 1; lastKnownFileType = text.xcconfig; name = "Pods-ZRTrackingManager.release.xcconfig"; path = "Pods/Target Support Files/Pods-ZRTrackingManager/Pods-ZRTrackingManager.release.xcconfig"; sourceTree = "<group>"; };
/* End PBXFileReference section */

/* Begin PBXFrameworksBuildPhase section */
		DEC167C81FDD23AF00B1575F /* Frameworks */ = {
			isa = PBXFrameworksBuildPhase;
			buildActionMask = 2147483647;
			files = (
				A1AD387149040C18D36DF915 /* libPods-ZRTrackingManager.a in Frameworks */,
			);
			runOnlyForDeploymentPostprocessing = 0;
		};
/* End PBXFrameworksBuildPhase section */

/* Begin PBXGroup section */
		B9163A594FBE478B4EA814FF /* Frameworks */ = {
			isa = PBXGroup;
			children = (
				63ED8B3156D70638E3D2BC4A /* libPods-ZRTrackingManager.a */,
			);
			name = Frameworks;
			sourceTree = "<group>";
		};
		D0A56DE23868355E1FA6F1D9 /* Pods */ = {
			isa = PBXGroup;
			children = (
				2A596C0C0B3952EBA6502B26 /* Pods-ZRTrackingManager.debug.xcconfig */,
				F54AF23E14FF2ED52102C06B /* Pods-ZRTrackingManager.release.xcconfig */,
			);
			name = Pods;
			sourceTree = "<group>";
		};
		DEC167C21FDD23AF00B1575F = {
			isa = PBXGroup;
			children = (
				DEC167CD1FDD23AF00B1575F /* ZRTrackingManager */,
				DEC167CC1FDD23AF00B1575F /* Products */,
				D0A56DE23868355E1FA6F1D9 /* Pods */,
				B9163A594FBE478B4EA814FF /* Frameworks */,
			);
			sourceTree = "<group>";
		};
		DEC167CC1FDD23AF00B1575F /* Products */ = {
			isa = PBXGroup;
			children = (
				DEC167CB1FDD23AF00B1575F /* ZRTrackingManager.app */,
			);
			name = Products;
			sourceTree = "<group>";
		};
		DEC167CD1FDD23AF00B1575F /* ZRTrackingManager */ = {
			isa = PBXGroup;
			children = (
				DEC168401FDD32CE00B1575F /* ZRFileManager */,
				DEC167D11FDD23AF00B1575F /* AppDelegate.h */,
				DEC167D21FDD23AF00B1575F /* AppDelegate.m */,
				DEC167DA1FDD23AF00B1575F /* Assets.xcassets */,
				DEC167DF1FDD23AF00B1575F /* Info.plist */,
				DEC167DC1FDD23AF00B1575F /* LaunchScreen.storyboard */,
				DEC167D71FDD23AF00B1575F /* Main.storyboard */,
				DEC167CE1FDD23AF00B1575F /* Supporting Files */,
				DEC1680B1FDD292D00B1575F /* ThirdPartyLib */,
				DEC167D41FDD23AF00B1575F /* ViewController.h */,
				DEC167D51FDD23AF00B1575F /* ViewController.m */,
				DEC167E51FDD283700B1575F /* ZRTrackingManagerLib */,
				DEC168571FDEA91C00B1575F /* Images.xcassets */,
			);
			path = ZRTrackingManager;
			sourceTree = "<group>";
		};
		DEC167CE1FDD23AF00B1575F /* Supporting Files */ = {
			isa = PBXGroup;
			children = (
				DEC167CF1FDD23AF00B1575F /* main.m */,
			);
			name = "Supporting Files";
			sourceTree = "<group>";
		};
		DEC167E51FDD283700B1575F /* ZRTrackingManagerLib */ = {
			isa = PBXGroup;
			children = (
				DEC167E61FDD283700B1575F /* ZRTracking.h */,
				DEC167E71FDD283700B1575F /* ZRTrackingDatabase */,
				DEC167EA1FDD283700B1575F /* ZRTrackingHelper */,
				DEC167ED1FDD283700B1575F /* ZRTrackingHook */,
				DEC167FE1FDD283700B1575F /* ZRTrackingManager.h */,
				DEC167FF1FDD283700B1575F /* ZRTrackingManager.m */,
			);
			path = ZRTrackingManagerLib;
			sourceTree = "<group>";
		};
		DEC167E71FDD283700B1575F /* ZRTrackingDatabase */ = {
			isa = PBXGroup;
			children = (
				DEC167E81FDD283700B1575F /* FMDatabaseQueue+ZRSharedDBQueue.h */,
				DEC167E91FDD283700B1575F /* FMDatabaseQueue+ZRSharedDBQueue.m */,
			);
			path = ZRTrackingDatabase;
			sourceTree = "<group>";
		};
		DEC167EA1FDD283700B1575F /* ZRTrackingHelper */ = {
			isa = PBXGroup;
			children = (
				DEC167EB1FDD283700B1575F /* ZRTrackingHelper.h */,
				DEC167EC1FDD283700B1575F /* ZRTrackingHelper.m */,
			);
			path = ZRTrackingHelper;
			sourceTree = "<group>";
		};
		DEC167ED1FDD283700B1575F /* ZRTrackingHook */ = {
			isa = PBXGroup;
			children = (
				DEC167EE1FDD283700B1575F /* UIApplication+ZRTracking.h */,
				DEC167EF1FDD283700B1575F /* UIApplication+ZRTracking.m */,
				DEC167F01FDD283700B1575F /* UICollectionView+ZRTracking.h */,
				DEC167F11FDD283700B1575F /* UICollectionView+ZRTracking.m */,
				DEC167F21FDD283700B1575F /* UIControl+ZRTracking.h */,
				DEC167F31FDD283700B1575F /* UIControl+ZRTracking.m */,
				DEC167F41FDD283700B1575F /* UINavigationController+ZRTracking.h */,
				DEC167F51FDD283700B1575F /* UINavigationController+ZRTracking.m */,
				DEC167F61FDD283700B1575F /* UITableView+ZRDelegateTracking.h */,
				DEC167F71FDD283700B1575F /* UITableView+ZRDelegateTracking.m */,
				DEC167F81FDD283700B1575F /* UIViewController+ZRTracking.h */,
				DEC167F91FDD283700B1575F /* UIViewController+ZRTracking.m */,
				DEC167FA1FDD283700B1575F /* UIWindow+ZRTracking.h */,
				DEC167FB1FDD283700B1575F /* UIWindow+ZRTracking.m */,
				DEC167FC1FDD283700B1575F /* UNUserNotificationCenter+ZRTracking.h */,
				DEC167FD1FDD283700B1575F /* UNUserNotificationCenter+ZRTracking.m */,
			);
			path = ZRTrackingHook;
			sourceTree = "<group>";
		};
		DEC1680B1FDD292D00B1575F /* ThirdPartyLib */ = {
			isa = PBXGroup;
			children = (
				DEC1681E1FDD292D00B1575F /* OpenUDID */,
			);
			path = ThirdPartyLib;
			sourceTree = "<group>";
		};
		DEC1681E1FDD292D00B1575F /* OpenUDID */ = {
			isa = PBXGroup;
			children = (
				DEC1681F1FDD292D00B1575F /* OpenUDID.h */,
				DEC168201FDD292D00B1575F /* OpenUDID.m */,
			);
			path = OpenUDID;
			sourceTree = "<group>";
		};
		DEC168401FDD32CE00B1575F /* ZRFileManager */ = {
			isa = PBXGroup;
			children = (
				DEC168411FDD32E800B1575F /* ZRFileHelper.h */,
				DEC168421FDD32E800B1575F /* ZRFileHelper.m */,
				DEC168441FDE632100B1575F /* ZRFileInfoModel.h */,
				DEC168451FDE632100B1575F /* ZRFileInfoModel.m */,
				DEC168471FDE866900B1575F /* ZRFileViewController.h */,
				DEC168481FDE866900B1575F /* ZRFileViewController.m */,
				DEC1684F1FDE86A000B1575F /* ZRFileStoryboard.storyboard */,
				DEC168511FDE874500B1575F /* ZRFileTableViewCell.h */,
				DEC168521FDE874500B1575F /* ZRFileTableViewCell.m */,
			);
			path = ZRFileManager;
			sourceTree = "<group>";
		};
/* End PBXGroup section */

/* Begin PBXNativeTarget section */
		DEC167CA1FDD23AF00B1575F /* ZRTrackingManager */ = {
			isa = PBXNativeTarget;
			buildConfigurationList = DEC167E21FDD23AF00B1575F /* Build configuration list for PBXNativeTarget "ZRTrackingManager" */;
			buildPhases = (
				4897092F97C3CB1C4BA60577 /* [CP] Check Pods Manifest.lock */,
				DEC167C71FDD23AF00B1575F /* Sources */,
				DEC167C81FDD23AF00B1575F /* Frameworks */,
				DEC167C91FDD23AF00B1575F /* Resources */,
				32EB7376DFB9C41529FB7797 /* [CP] Embed Pods Frameworks */,
				5CA368295DE79AB3509E139F /* [CP] Copy Pods Resources */,
			);
			buildRules = (
			);
			dependencies = (
			);
			name = ZRTrackingManager;
			productName = ZRTrackingManager;
			productReference = DEC167CB1FDD23AF00B1575F /* ZRTrackingManager.app */;
			productType = "com.apple.product-type.application";
		};
/* End PBXNativeTarget section */

/* Begin PBXProject section */
		DEC167C31FDD23AF00B1575F /* Project object */ = {
			isa = PBXProject;
			attributes = {
				LastUpgradeCheck = 0830;
				ORGANIZATIONNAME = jiaxw;
				TargetAttributes = {
					DEC167CA1FDD23AF00B1575F = {
						CreatedOnToolsVersion = 8.3.3;
						DevelopmentTeam = 8MREZQFL24;
						ProvisioningStyle = Automatic;
					};
				};
			};
			buildConfigurationList = DEC167C61FDD23AF00B1575F /* Build configuration list for PBXProject "ZRTrackingManager" */;
			compatibilityVersion = "Xcode 3.2";
			developmentRegion = English;
			hasScannedForEncodings = 0;
			knownRegions = (
				en,
				Base,
			);
			mainGroup = DEC167C21FDD23AF00B1575F;
			productRefGroup = DEC167CC1FDD23AF00B1575F /* Products */;
			projectDirPath = "";
			projectRoot = "";
			targets = (
				DEC167CA1FDD23AF00B1575F /* ZRTrackingManager */,
			);
		};
/* End PBXProject section */

/* Begin PBXResourcesBuildPhase section */
		DEC167C91FDD23AF00B1575F /* Resources */ = {
			isa = PBXResourcesBuildPhase;
			buildActionMask = 2147483647;
			files = (
				DEC167DE1FDD23AF00B1575F /* LaunchScreen.storyboard in Resources */,
				DEC168581FDEA91C00B1575F /* Images.xcassets in Resources */,
				DEC167DB1FDD23AF00B1575F /* Assets.xcassets in Resources */,
				DEC167D91FDD23AF00B1575F /* Main.storyboard in Resources */,
				DEC168501FDE86A000B1575F /* ZRFileStoryboard.storyboard in Resources */,
			);
			runOnlyForDeploymentPostprocessing = 0;
		};
/* End PBXResourcesBuildPhase section */

/* Begin PBXShellScriptBuildPhase section */
		32EB7376DFB9C41529FB7797 /* [CP] Embed Pods Frameworks */ = {
			isa = PBXShellScriptBuildPhase;
			buildActionMask = 2147483647;
			files = (
			);
			inputPaths = (
			);
			name = "[CP] Embed Pods Frameworks";
			outputPaths = (
			);
			runOnlyForDeploymentPostprocessing = 0;
			shellPath = /bin/sh;
			shellScript = "\"${SRCROOT}/Pods/Target Support Files/Pods-ZRTrackingManager/Pods-ZRTrackingManager-frameworks.sh\"\n";
			showEnvVarsInLog = 0;
		};
		4897092F97C3CB1C4BA60577 /* [CP] Check Pods Manifest.lock */ = {
			isa = PBXShellScriptBuildPhase;
			buildActionMask = 2147483647;
			files = (
			);
			inputPaths = (
			);
			name = "[CP] Check Pods Manifest.lock";
			outputPaths = (
			);
			runOnlyForDeploymentPostprocessing = 0;
			shellPath = /bin/sh;
			shellScript = "diff \"${PODS_PODFILE_DIR_PATH}/Podfile.lock\" \"${PODS_ROOT}/Manifest.lock\" > /dev/null\nif [ $? != 0 ] ; then\n    # print error to STDERR\n    echo \"error: The sandbox is not in sync with the Podfile.lock. Run 'pod install' or update your CocoaPods installation.\" >&2\n    exit 1\nfi\n";
			showEnvVarsInLog = 0;
		};
		5CA368295DE79AB3509E139F /* [CP] Copy Pods Resources */ = {
			isa = PBXShellScriptBuildPhase;
			buildActionMask = 2147483647;
			files = (
			);
			inputPaths = (
			);
			name = "[CP] Copy Pods Resources";
			outputPaths = (
			);
			runOnlyForDeploymentPostprocessing = 0;
			shellPath = /bin/sh;
			shellScript = "\"${SRCROOT}/Pods/Target Support Files/Pods-ZRTrackingManager/Pods-ZRTrackingManager-resources.sh\"\n";
			showEnvVarsInLog = 0;
		};
/* End PBXShellScriptBuildPhase section */

/* Begin PBXSourcesBuildPhase section */
		DEC167C71FDD23AF00B1575F /* Sources */ = {
			isa = PBXSourcesBuildPhase;
			buildActionMask = 2147483647;
			files = (
				DEC1680A1FDD283700B1575F /* ZRTrackingManager.m in Sources */,
				DEC168431FDD32E800B1575F /* ZRFileHelper.m in Sources */,
				DEC167D61FDD23AF00B1575F /* ViewController.m in Sources */,
				DEC168031FDD283700B1575F /* UICollectionView+ZRTracking.m in Sources */,
				DEC168041FDD283700B1575F /* UIControl+ZRTracking.m in Sources */,
				DEC167D31FDD23AF00B1575F /* AppDelegate.m in Sources */,
				DEC168001FDD283700B1575F /* FMDatabaseQueue+ZRSharedDBQueue.m in Sources */,
				DEC168021FDD283700B1575F /* UIApplication+ZRTracking.m in Sources */,
				DEC168061FDD283700B1575F /* UITableView+ZRDelegateTracking.m in Sources */,
				DEC168091FDD283700B1575F /* UNUserNotificationCenter+ZRTracking.m in Sources */,
				DEC168491FDE866A00B1575F /* ZRFileViewController.m in Sources */,
				DEC168281FDD292D00B1575F /* OpenUDID.m in Sources */,
				DEC168071FDD283700B1575F /* UIViewController+ZRTracking.m in Sources */,
				DEC168081FDD283700B1575F /* UIWindow+ZRTracking.m in Sources */,
				DEC167D01FDD23AF00B1575F /* main.m in Sources */,
				DEC168531FDE874500B1575F /* ZRFileTableViewCell.m in Sources */,
				DEC168011FDD283700B1575F /* ZRTrackingHelper.m in Sources */,
				DEC168461FDE632100B1575F /* ZRFileInfoModel.m in Sources */,
				DEC168051FDD283700B1575F /* UINavigationController+ZRTracking.m in Sources */,
			);
			runOnlyForDeploymentPostprocessing = 0;
		};
/* End PBXSourcesBuildPhase section */

/* Begin PBXVariantGroup section */
		DEC167D71FDD23AF00B1575F /* Main.storyboard */ = {
			isa = PBXVariantGroup;
			children = (
				DEC167D81FDD23AF00B1575F /* Base */,
			);
			name = Main.storyboard;
			sourceTree = "<group>";
		};
		DEC167DC1FDD23AF00B1575F /* LaunchScreen.storyboard */ = {
			isa = PBXVariantGroup;
			children = (
				DEC167DD1FDD23AF00B1575F /* Base */,
			);
			name = LaunchScreen.storyboard;
			sourceTree = "<group>";
		};
/* End PBXVariantGroup section */

/* Begin XCBuildConfiguration section */
		DEC167E01FDD23AF00B1575F /* Debug */ = {
			isa = XCBuildConfiguration;
			buildSettings = {
				ALWAYS_SEARCH_USER_PATHS = NO;
				CLANG_ANALYZER_NONNULL = YES;
				CLANG_ANALYZER_NUMBER_OBJECT_CONVERSION = YES_AGGRESSIVE;
				CLANG_CXX_LANGUAGE_STANDARD = "gnu++0x";
				CLANG_CXX_LIBRARY = "libc++";
				CLANG_ENABLE_MODULES = YES;
				CLANG_ENABLE_OBJC_ARC = YES;
				CLANG_WARN_BOOL_CONVERSION = YES;
				CLANG_WARN_CONSTANT_CONVERSION = YES;
				CLANG_WARN_DIRECT_OBJC_ISA_USAGE = YES_ERROR;
				CLANG_WARN_DOCUMENTATION_COMMENTS = YES;
				CLANG_WARN_EMPTY_BODY = YES;
				CLANG_WARN_ENUM_CONVERSION = YES;
				CLANG_WARN_INFINITE_RECURSION = YES;
				CLANG_WARN_INT_CONVERSION = YES;
				CLANG_WARN_OBJC_ROOT_CLASS = YES_ERROR;
				CLANG_WARN_SUSPICIOUS_MOVE = YES;
				CLANG_WARN_UNREACHABLE_CODE = YES;
				CLANG_WARN__DUPLICATE_METHOD_MATCH = YES;
				"CODE_SIGN_IDENTITY[sdk=iphoneos*]" = "iPhone Developer";
				COPY_PHASE_STRIP = NO;
				DEBUG_INFORMATION_FORMAT = dwarf;
				ENABLE_STRICT_OBJC_MSGSEND = YES;
				ENABLE_TESTABILITY = YES;
				GCC_C_LANGUAGE_STANDARD = gnu99;
				GCC_DYNAMIC_NO_PIC = NO;
				GCC_NO_COMMON_BLOCKS = YES;
				GCC_OPTIMIZATION_LEVEL = 0;
				GCC_PREPROCESSOR_DEFINITIONS = (
					"DEBUG=1",
					"$(inherited)",
				);
				GCC_WARN_64_TO_32_BIT_CONVERSION = YES;
				GCC_WARN_ABOUT_RETURN_TYPE = YES_ERROR;
				GCC_WARN_UNDECLARED_SELECTOR = YES;
				GCC_WARN_UNINITIALIZED_AUTOS = YES_AGGRESSIVE;
				GCC_WARN_UNUSED_FUNCTION = YES;
				GCC_WARN_UNUSED_VARIABLE = YES;
				IPHONEOS_DEPLOYMENT_TARGET = 8.0;
				MTL_ENABLE_DEBUG_INFO = YES;
				ONLY_ACTIVE_ARCH = YES;
				SDKROOT = iphoneos;
				TARGETED_DEVICE_FAMILY = "1,2";
			};
			name = Debug;
		};
		DEC167E11FDD23AF00B1575F /* Release */ = {
			isa = XCBuildConfiguration;
			buildSettings = {
				ALWAYS_SEARCH_USER_PATHS = NO;
				CLANG_ANALYZER_NONNULL = YES;
				CLANG_ANALYZER_NUMBER_OBJECT_CONVERSION = YES_AGGRESSIVE;
				CLANG_CXX_LANGUAGE_STANDARD = "gnu++0x";
				CLANG_CXX_LIBRARY = "libc++";
				CLANG_ENABLE_MODULES = YES;
				CLANG_ENABLE_OBJC_ARC = YES;
				CLANG_WARN_BOOL_CONVERSION = YES;
				CLANG_WARN_CONSTANT_CONVERSION = YES;
				CLANG_WARN_DIRECT_OBJC_ISA_USAGE = YES_ERROR;
				CLANG_WARN_DOCUMENTATION_COMMENTS = YES;
				CLANG_WARN_EMPTY_BODY = YES;
				CLANG_WARN_ENUM_CONVERSION = YES;
				CLANG_WARN_INFINITE_RECURSION = YES;
				CLANG_WARN_INT_CONVERSION = YES;
				CLANG_WARN_OBJC_ROOT_CLASS = YES_ERROR;
				CLANG_WARN_SUSPICIOUS_MOVE = YES;
				CLANG_WARN_UNREACHABLE_CODE = YES;
				CLANG_WARN__DUPLICATE_METHOD_MATCH = YES;
				"CODE_SIGN_IDENTITY[sdk=iphoneos*]" = "iPhone Developer";
				COPY_PHASE_STRIP = NO;
				DEBUG_INFORMATION_FORMAT = "dwarf-with-dsym";
				ENABLE_NS_ASSERTIONS = NO;
				ENABLE_STRICT_OBJC_MSGSEND = YES;
				GCC_C_LANGUAGE_STANDARD = gnu99;
				GCC_NO_COMMON_BLOCKS = YES;
				GCC_WARN_64_TO_32_BIT_CONVERSION = YES;
				GCC_WARN_ABOUT_RETURN_TYPE = YES_ERROR;
				GCC_WARN_UNDECLARED_SELECTOR = YES;
				GCC_WARN_UNINITIALIZED_AUTOS = YES_AGGRESSIVE;
				GCC_WARN_UNUSED_FUNCTION = YES;
				GCC_WARN_UNUSED_VARIABLE = YES;
				IPHONEOS_DEPLOYMENT_TARGET = 8.0;
				MTL_ENABLE_DEBUG_INFO = NO;
				SDKROOT = iphoneos;
				TARGETED_DEVICE_FAMILY = "1,2";
				VALIDATE_PRODUCT = YES;
			};
			name = Release;
		};
		DEC167E31FDD23AF00B1575F /* Debug */ = {
			isa = XCBuildConfiguration;
			baseConfigurationReference = 2A596C0C0B3952EBA6502B26 /* Pods-ZRTrackingManager.debug.xcconfig */;
			buildSettings = {
				ASSETCATALOG_COMPILER_APPICON_NAME = AppIcon;
				DEVELOPMENT_TEAM = 8MREZQFL24;
				INFOPLIST_FILE = ZRTrackingManager/Info.plist;
				LD_RUNPATH_SEARCH_PATHS = "$(inherited) @executable_path/Frameworks";
				PRODUCT_BUNDLE_IDENTIFIER = com.jiaxw.ZRTrackingManager;
				PRODUCT_NAME = "$(TARGET_NAME)";
			};
			name = Debug;
		};
		DEC167E41FDD23AF00B1575F /* Release */ = {
			isa = XCBuildConfiguration;
			baseConfigurationReference = F54AF23E14FF2ED52102C06B /* Pods-ZRTrackingManager.release.xcconfig */;
			buildSettings = {
				ASSETCATALOG_COMPILER_APPICON_NAME = AppIcon;
				DEVELOPMENT_TEAM = 8MREZQFL24;
				INFOPLIST_FILE = ZRTrackingManager/Info.plist;
				LD_RUNPATH_SEARCH_PATHS = "$(inherited) @executable_path/Frameworks";
				PRODUCT_BUNDLE_IDENTIFIER = com.jiaxw.ZRTrackingManager;
				PRODUCT_NAME = "$(TARGET_NAME)";
			};
			name = Release;
		};
/* End XCBuildConfiguration section */

/* Begin XCConfigurationList section */
		DEC167C61FDD23AF00B1575F /* Build configuration list for PBXProject "ZRTrackingManager" */ = {
			isa = XCConfigurationList;
			buildConfigurations = (
				DEC167E01FDD23AF00B1575F /* Debug */,
				DEC167E11FDD23AF00B1575F /* Release */,
			);
			defaultConfigurationIsVisible = 0;
			defaultConfigurationName = Release;
		};
		DEC167E21FDD23AF00B1575F /* Build configuration list for PBXNativeTarget "ZRTrackingManager" */ = {
			isa = XCConfigurationList;
			buildConfigurations = (
				DEC167E31FDD23AF00B1575F /* Debug */,
				DEC167E41FDD23AF00B1575F /* Release */,
			);
			defaultConfigurationIsVisible = 0;
			defaultConfigurationName = Release;
		};
/* End XCConfigurationList section */
	};
	rootObject = DEC167C31FDD23AF00B1575F /* Project object */;
}
